
Microsoft Visual Studio Solution File, Format Version 12.00
# Visual Studio Version 17
VisualStudioVersion = 17.8.34309.116
MinimumVisualStudioVersion = 10.0.40219.1
Project("{2150E333-8FDC-42A3-9474-1A3956D46DE8}") = "Red.Common", "Red.Common", "{4AF5CFA8-7212-4F67-A69B-9ACD566EC44E}"
EndProject
Project("{9A19103F-16F7-4668-BE54-9A1E7A4F7556}") = "Red.Common.Client", "Red.Common\Client\Red.Common.Client.csproj", "{AA85F76F-36FD-4FD4-8A42-CA35D56162DD}"
EndProject
Project("{9A19103F-16F7-4668-BE54-9A1E7A4F7556}") = "Red.Common.Server", "Red.Common\Server\Red.Common.Server.csproj", "{2096A367-3E9D-4EA0-8B2B-AFE698E36197}"
EndProject
Project("{2150E333-8FDC-42A3-9474-1A3956D46DE8}") = "Red.Chat", "Red.Chat", "{54C8AC38-C3DC-457E-B973-263DB30B926A}"
EndProject
Project("{2150E333-8FDC-42A3-9474-1A3956D46DE8}") = "Red.Framework", "Red.Framework", "{A35F6F18-9121-469D-A303-6BB06DB1F6D0}"
EndProject
Project("{2150E333-8FDC-42A3-9474-1A3956D46DE8}") = "Red.Death", "Red.Death", "{C79F58CC-FE85-4809-BEB6-984998E59944}"
EndProject
Project("{2150E333-8FDC-42A3-9474-1A3956D46DE8}") = "Red.Grab", "Red.Grab", "{9FFEC893-6513-4580-88E0-68E815F45C4F}"
EndProject
Project("{2150E333-8FDC-42A3-9474-1A3956D46DE8}") = "Red.Cuff", "Red.Cuff", "{9BAC6F35-D82D-470B-B534-5959070D2544}"
EndProject
Project("{9A19103F-16F7-4668-BE54-9A1E7A4F7556}") = "Red.Death.Client", "Red.Death\Client\Red.Death.Client.csproj", "{EBF156F3-D5BA-4095-A795-3E16A938D9D0}"
EndProject
Project("{9A19103F-16F7-4668-BE54-9A1E7A4F7556}") = "Red.Cuff.Client", "Red.Cuff\Client\Red.Cuff.Client.csproj", "{D9971C38-DC4F-4DD2-892D-C24EB4E2D70D}"
EndProject
Project("{9A19103F-16F7-4668-BE54-9A1E7A4F7556}") = "Red.Cuff.Server", "Red.Cuff\Server\Red.Cuff.Server.csproj", "{AEE87201-6023-42B3-9847-CC3AFBB28062}"
EndProject
Project("{9A19103F-16F7-4668-BE54-9A1E7A4F7556}") = "Red.Chat.Client", "Red.Chat\Client\Red.Chat.Client.csproj", "{36E9AFBA-3F66-47D7-BA6E-B188C3184082}"
EndProject
Project("{9A19103F-16F7-4668-BE54-9A1E7A4F7556}") = "Red.Chat.Server", "Red.Chat\Server\Red.Chat.Server.csproj", "{0A1CA720-971E-4902-89C0-B59502400F9C}"
EndProject
Project("{9A19103F-16F7-4668-BE54-9A1E7A4F7556}") = "Red.Framework.Client", "Red.Framework\Client\Red.Framework.Client.csproj", "{841CB719-B9FA-4687-971C-4B3516A4B2AD}"
EndProject
Project("{9A19103F-16F7-4668-BE54-9A1E7A4F7556}") = "Red.Framework.Server", "Red.Framework\Server\Red.Framework.Server.csproj", "{0A7D9212-8C6C-4107-90EF-DDAA0752E226}"
EndProject
Project("{9A19103F-16F7-4668-BE54-9A1E7A4F7556}") = "Red.Grab.Client", "Red.Grab\Client\Red.Grab.Client.csproj", "{C1E68FAA-6533-45AC-B37D-2A4764AE64FD}"
EndProject
Project("{9A19103F-16F7-4668-BE54-9A1E7A4F7556}") = "Red.Grab.Server", "Red.Grab\Server\Red.Grab.Server.csproj", "{4E953C7F-5639-416C-8898-9A9785AF8D9D}"
EndProject
Project("{2150E333-8FDC-42A3-9474-1A3956D46DE8}") = "Red.ShotSpotter", "Red.ShotSpotter", "{D84AEF35-9C1F-4D55-BF1A-EC1E8208C5D2}"
EndProject
Project("{9A19103F-16F7-4668-BE54-9A1E7A4F7556}") = "Red.ShotSpotter.Server", "Red.ShotSpotter\Server\Red.ShotSpotter.Server.csproj", "{E735CD52-A405-4DC1-8DDD-336659C1555C}"
EndProject
Project("{9A19103F-16F7-4668-BE54-9A1E7A4F7556}") = "Red.ShotSpotter.Client", "Red.ShotSpotter\Client\Red.ShotSpotter.Client.csproj", "{736E541D-BE92-497F-9291-D19803E6ACFF}"
EndProject
Project("{2150E333-8FDC-42A3-9474-1A3956D46DE8}") = "Red.NearestPostal", "Red.NearestPostal", "{E2C03C90-22BA-4D46-854C-729B3B67930E}"
EndProject
Project("{9A19103F-16F7-4668-BE54-9A1E7A4F7556}") = "Red.NearestPostal.Client", "Red.NearestPostal\Client\Red.NearestPostal.Client.csproj", "{57FF6310-A7BD-4A6D-80EB-3B886143666D}"
EndProject
Project("{2150E333-8FDC-42A3-9474-1A3956D46DE8}") = "Red.VehicleControl", "Red.VehicleControl", "{6FA517B9-BF32-4949-B1EF-0D9908BAB12F}"
EndProject
Project("{2150E333-8FDC-42A3-9474-1A3956D46DE8}") = "Red.WeaponControl", "Red.WeaponControl", "{AE9380C2-C409-4212-B694-F4CC8AF7D2BE}"
EndProject
Project("{9A19103F-16F7-4668-BE54-9A1E7A4F7556}") = "Red.VehicleControl.Client", "Red.VehicleControl\Client\Red.VehicleControl.Client.csproj", "{99CE0CF6-30C4-464A-BE19-57F34C70DEE7}"
EndProject
Project("{9A19103F-16F7-4668-BE54-9A1E7A4F7556}") = "Red.WeaponControl.Client", "Red.WeaponControl\Client\Red.WeaponControl.Client.csproj", "{DB540D9D-FB47-44D9-9027-512679F3E557}"
EndProject
Project("{2150E333-8FDC-42A3-9474-1A3956D46DE8}") = "Red.Breathalyzer", "Red.Breathalyzer", "{EBC44877-7763-4764-B67C-3E19CDD4ED35}"
EndProject
Project("{9A19103F-16F7-4668-BE54-9A1E7A4F7556}") = "Red.Breathalyzer.Client", "Red.Breathalyzer\Client\Red.Breathalyzer.Client.csproj", "{E2F96427-17A5-4A79-9FA7-0F225F3A5024}"
EndProject
Project("{9A19103F-16F7-4668-BE54-9A1E7A4F7556}") = "Red.Breathalyzer.Server", "Red.Breathalyzer\Server\Red.Breathalyzer.Server.csproj", "{394CA09E-8412-496B-AE53-5506D8B48DA8}"
EndProject
Project("{2150E333-8FDC-42A3-9474-1A3956D46DE8}") = "Red.Whitelist", "Red.Whitelist", "{86FC6866-C31E-4F9C-9A1A-EDC1F37FDC75}"
EndProject
Project("{9A19103F-16F7-4668-BE54-9A1E7A4F7556}") = "Red.Whitelist.Server", "Red.Whitelist\Server\Red.Whitelist.Server.csproj", "{C24F767C-993B-4E76-B39B-212A79CB0C44}"
EndProject
Project("{2150E333-8FDC-42A3-9474-1A3956D46DE8}") = "Red.Essentials", "Red.Essentials", "{B7F0DE04-E4B4-4011-9DE1-A180B2C851BC}"
EndProject
Project("{9A19103F-16F7-4668-BE54-9A1E7A4F7556}") = "Red.Essentials.Client", "Red.Essentials\Client\Red.Essentials.Client.csproj", "{E5182AE6-FC27-4942-A4BE-E1A9E9116807}"
EndProject
Project("{9A19103F-16F7-4668-BE54-9A1E7A4F7556}") = "Red.Essentials.Server", "Red.Essentials\Server\Red.Essentials.Server.csproj", "{33A19FF4-08B0-465F-84C8-80D52D494A9D}"
EndProject
Global
	GlobalSection(SolutionConfigurationPlatforms) = preSolution
		Debug|Any CPU = Debug|Any CPU
		Release|Any CPU = Release|Any CPU
	EndGlobalSection
	GlobalSection(ProjectConfigurationPlatforms) = postSolution
		{AA85F76F-36FD-4FD4-8A42-CA35D56162DD}.Debug|Any CPU.ActiveCfg = Debug|Any CPU
		{AA85F76F-36FD-4FD4-8A42-CA35D56162DD}.Debug|Any CPU.Build.0 = Debug|Any CPU
		{AA85F76F-36FD-4FD4-8A42-CA35D56162DD}.Release|Any CPU.ActiveCfg = Release|Any CPU
		{AA85F76F-36FD-4FD4-8A42-CA35D56162DD}.Release|Any CPU.Build.0 = Release|Any CPU
		{2096A367-3E9D-4EA0-8B2B-AFE698E36197}.Debug|Any CPU.ActiveCfg = Debug|Any CPU
		{2096A367-3E9D-4EA0-8B2B-AFE698E36197}.Debug|Any CPU.Build.0 = Debug|Any CPU
		{2096A367-3E9D-4EA0-8B2B-AFE698E36197}.Release|Any CPU.ActiveCfg = Release|Any CPU
		{2096A367-3E9D-4EA0-8B2B-AFE698E36197}.Release|Any CPU.Build.0 = Release|Any CPU
		{EBF156F3-D5BA-4095-A795-3E16A938D9D0}.Debug|Any CPU.ActiveCfg = Debug|Any CPU
		{EBF156F3-D5BA-4095-A795-3E16A938D9D0}.Debug|Any CPU.Build.0 = Debug|Any CPU
		{EBF156F3-D5BA-4095-A795-3E16A938D9D0}.Release|Any CPU.ActiveCfg = Release|Any CPU
		{EBF156F3-D5BA-4095-A795-3E16A938D9D0}.Release|Any CPU.Build.0 = Release|Any CPU
		{D9971C38-DC4F-4DD2-892D-C24EB4E2D70D}.Debug|Any CPU.ActiveCfg = Debug|Any CPU
		{D9971C38-DC4F-4DD2-892D-C24EB4E2D70D}.Debug|Any CPU.Build.0 = Debug|Any CPU
		{D9971C38-DC4F-4DD2-892D-C24EB4E2D70D}.Release|Any CPU.ActiveCfg = Release|Any CPU
		{D9971C38-DC4F-4DD2-892D-C24EB4E2D70D}.Release|Any CPU.Build.0 = Release|Any CPU
		{AEE87201-6023-42B3-9847-CC3AFBB28062}.Debug|Any CPU.ActiveCfg = Debug|Any CPU
		{AEE87201-6023-42B3-9847-CC3AFBB28062}.Debug|Any CPU.Build.0 = Debug|Any CPU
		{AEE87201-6023-42B3-9847-CC3AFBB28062}.Release|Any CPU.ActiveCfg = Release|Any CPU
		{AEE87201-6023-42B3-9847-CC3AFBB28062}.Release|Any CPU.Build.0 = Release|Any CPU
		{36E9AFBA-3F66-47D7-BA6E-B188C3184082}.Debug|Any CPU.ActiveCfg = Debug|Any CPU
		{36E9AFBA-3F66-47D7-BA6E-B188C3184082}.Debug|Any CPU.Build.0 = Debug|Any CPU
		{36E9AFBA-3F66-47D7-BA6E-B188C3184082}.Release|Any CPU.ActiveCfg = Release|Any CPU
		{36E9AFBA-3F66-47D7-BA6E-B188C3184082}.Release|Any CPU.Build.0 = Release|Any CPU
		{0A1CA720-971E-4902-89C0-B59502400F9C}.Debug|Any CPU.ActiveCfg = Debug|Any CPU
		{0A1CA720-971E-4902-89C0-B59502400F9C}.Debug|Any CPU.Build.0 = Debug|Any CPU
		{0A1CA720-971E-4902-89C0-B59502400F9C}.Release|Any CPU.ActiveCfg = Release|Any CPU
		{0A1CA720-971E-4902-89C0-B59502400F9C}.Release|Any CPU.Build.0 = Release|Any CPU
		{841CB719-B9FA-4687-971C-4B3516A4B2AD}.Debug|Any CPU.ActiveCfg = Debug|Any CPU
		{841CB719-B9FA-4687-971C-4B3516A4B2AD}.Debug|Any CPU.Build.0 = Debug|Any CPU
		{841CB719-B9FA-4687-971C-4B3516A4B2AD}.Release|Any CPU.ActiveCfg = Release|Any CPU
		{841CB719-B9FA-4687-971C-4B3516A4B2AD}.Release|Any CPU.Build.0 = Release|Any CPU
		{0A7D9212-8C6C-4107-90EF-DDAA0752E226}.Debug|Any CPU.ActiveCfg = Debug|Any CPU
		{0A7D9212-8C6C-4107-90EF-DDAA0752E226}.Debug|Any CPU.Build.0 = Debug|Any CPU
		{0A7D9212-8C6C-4107-90EF-DDAA0752E226}.Release|Any CPU.ActiveCfg = Release|Any CPU
		{0A7D9212-8C6C-4107-90EF-DDAA0752E226}.Release|Any CPU.Build.0 = Release|Any CPU
		{C1E68FAA-6533-45AC-B37D-2A4764AE64FD}.Debug|Any CPU.ActiveCfg = Debug|Any CPU
		{C1E68FAA-6533-45AC-B37D-2A4764AE64FD}.Debug|Any CPU.Build.0 = Debug|Any CPU
		{C1E68FAA-6533-45AC-B37D-2A4764AE64FD}.Release|Any CPU.ActiveCfg = Release|Any CPU
		{C1E68FAA-6533-45AC-B37D-2A4764AE64FD}.Release|Any CPU.Build.0 = Release|Any CPU
		{4E953C7F-5639-416C-8898-9A9785AF8D9D}.Debug|Any CPU.ActiveCfg = Debug|Any CPU
		{4E953C7F-5639-416C-8898-9A9785AF8D9D}.Debug|Any CPU.Build.0 = Debug|Any CPU
		{4E953C7F-5639-416C-8898-9A9785AF8D9D}.Release|Any CPU.ActiveCfg = Release|Any CPU
		{4E953C7F-5639-416C-8898-9A9785AF8D9D}.Release|Any CPU.Build.0 = Release|Any CPU
		{E735CD52-A405-4DC1-8DDD-336659C1555C}.Debug|Any CPU.ActiveCfg = Debug|Any CPU
		{E735CD52-A405-4DC1-8DDD-336659C1555C}.Debug|Any CPU.Build.0 = Debug|Any CPU
		{E735CD52-A405-4DC1-8DDD-336659C1555C}.Release|Any CPU.ActiveCfg = Release|Any CPU
		{E735CD52-A405-4DC1-8DDD-336659C1555C}.Release|Any CPU.Build.0 = Release|Any CPU
		{736E541D-BE92-497F-9291-D19803E6ACFF}.Debug|Any CPU.ActiveCfg = Debug|Any CPU
		{736E541D-BE92-497F-9291-D19803E6ACFF}.Debug|Any CPU.Build.0 = Debug|Any CPU
		{736E541D-BE92-497F-9291-D19803E6ACFF}.Release|Any CPU.ActiveCfg = Release|Any CPU
		{736E541D-BE92-497F-9291-D19803E6ACFF}.Release|Any CPU.Build.0 = Release|Any CPU
		{57FF6310-A7BD-4A6D-80EB-3B886143666D}.Debug|Any CPU.ActiveCfg = Debug|Any CPU
		{57FF6310-A7BD-4A6D-80EB-3B886143666D}.Debug|Any CPU.Build.0 = Debug|Any CPU
		{57FF6310-A7BD-4A6D-80EB-3B886143666D}.Release|Any CPU.ActiveCfg = Release|Any CPU
		{57FF6310-A7BD-4A6D-80EB-3B886143666D}.Release|Any CPU.Build.0 = Release|Any CPU
		{99CE0CF6-30C4-464A-BE19-57F34C70DEE7}.Debug|Any CPU.ActiveCfg = Debug|Any CPU
		{99CE0CF6-30C4-464A-BE19-57F34C70DEE7}.Debug|Any CPU.Build.0 = Debug|Any CPU
		{99CE0CF6-30C4-464A-BE19-57F34C70DEE7}.Release|Any CPU.ActiveCfg = Release|Any CPU
		{99CE0CF6-30C4-464A-BE19-57F34C70DEE7}.Release|Any CPU.Build.0 = Release|Any CPU
		{DB540D9D-FB47-44D9-9027-512679F3E557}.Debug|Any CPU.ActiveCfg = Debug|Any CPU
		{DB540D9D-FB47-44D9-9027-512679F3E557}.Debug|Any CPU.Build.0 = Debug|Any CPU
		{DB540D9D-FB47-44D9-9027-512679F3E557}.Release|Any CPU.ActiveCfg = Release|Any CPU
		{DB540D9D-FB47-44D9-9027-512679F3E557}.Release|Any CPU.Build.0 = Release|Any CPU
		{E2F96427-17A5-4A79-9FA7-0F225F3A5024}.Debug|Any CPU.ActiveCfg = Debug|Any CPU
		{E2F96427-17A5-4A79-9FA7-0F225F3A5024}.Debug|Any CPU.Build.0 = Debug|Any CPU
		{E2F96427-17A5-4A79-9FA7-0F225F3A5024}.Release|Any CPU.ActiveCfg = Release|Any CPU
		{E2F96427-17A5-4A79-9FA7-0F225F3A5024}.Release|Any CPU.Build.0 = Release|Any CPU
		{394CA09E-8412-496B-AE53-5506D8B48DA8}.Debug|Any CPU.ActiveCfg = Debug|Any CPU
		{394CA09E-8412-496B-AE53-5506D8B48DA8}.Debug|Any CPU.Build.0 = Debug|Any CPU
		{394CA09E-8412-496B-AE53-5506D8B48DA8}.Release|Any CPU.ActiveCfg = Release|Any CPU
		{394CA09E-8412-496B-AE53-5506D8B48DA8}.Release|Any CPU.Build.0 = Release|Any CPU
		{C24F767C-993B-4E76-B39B-212A79CB0C44}.Debug|Any CPU.ActiveCfg = Debug|Any CPU
		{C24F767C-993B-4E76-B39B-212A79CB0C44}.Debug|Any CPU.Build.0 = Debug|Any CPU
		{C24F767C-993B-4E76-B39B-212A79CB0C44}.Release|Any CPU.ActiveCfg = Release|Any CPU
		{C24F767C-993B-4E76-B39B-212A79CB0C44}.Release|Any CPU.Build.0 = Release|Any CPU
		{E5182AE6-FC27-4942-A4BE-E1A9E9116807}.Debug|Any CPU.ActiveCfg = Debug|Any CPU
		{E5182AE6-FC27-4942-A4BE-E1A9E9116807}.Debug|Any CPU.Build.0 = Debug|Any CPU
		{E5182AE6-FC27-4942-A4BE-E1A9E9116807}.Release|Any CPU.ActiveCfg = Release|Any CPU
		{E5182AE6-FC27-4942-A4BE-E1A9E9116807}.Release|Any CPU.Build.0 = Release|Any CPU
		{33A19FF4-08B0-465F-84C8-80D52D494A9D}.Debug|Any CPU.ActiveCfg = Debug|Any CPU
		{33A19FF4-08B0-465F-84C8-80D52D494A9D}.Debug|Any CPU.Build.0 = Debug|Any CPU
		{33A19FF4-08B0-465F-84C8-80D52D494A9D}.Release|Any CPU.ActiveCfg = Release|Any CPU
		{33A19FF4-08B0-465F-84C8-80D52D494A9D}.Release|Any CPU.Build.0 = Release|Any CPU
	EndGlobalSection
	GlobalSection(SolutionProperties) = preSolution
		HideSolutionNode = FALSE
	EndGlobalSection
	GlobalSection(NestedProjects) = preSolution
		{AA85F76F-36FD-4FD4-8A42-CA35D56162DD} = {4AF5CFA8-7212-4F67-A69B-9ACD566EC44E}
		{2096A367-3E9D-4EA0-8B2B-AFE698E36197} = {4AF5CFA8-7212-4F67-A69B-9ACD566EC44E}
		{EBF156F3-D5BA-4095-A795-3E16A938D9D0} = {C79F58CC-FE85-4809-BEB6-984998E59944}
		{D9971C38-DC4F-4DD2-892D-C24EB4E2D70D} = {9BAC6F35-D82D-470B-B534-5959070D2544}
		{AEE87201-6023-42B3-9847-CC3AFBB28062} = {9BAC6F35-D82D-470B-B534-5959070D2544}
		{36E9AFBA-3F66-47D7-BA6E-B188C3184082} = {54C8AC38-C3DC-457E-B973-263DB30B926A}
		{0A1CA720-971E-4902-89C0-B59502400F9C} = {54C8AC38-C3DC-457E-B973-263DB30B926A}
		{841CB719-B9FA-4687-971C-4B3516A4B2AD} = {A35F6F18-9121-469D-A303-6BB06DB1F6D0}
		{0A7D9212-8C6C-4107-90EF-DDAA0752E226} = {A35F6F18-9121-469D-A303-6BB06DB1F6D0}
		{C1E68FAA-6533-45AC-B37D-2A4764AE64FD} = {9FFEC893-6513-4580-88E0-68E815F45C4F}
		{4E953C7F-5639-416C-8898-9A9785AF8D9D} = {9FFEC893-6513-4580-88E0-68E815F45C4F}
		{E735CD52-A405-4DC1-8DDD-336659C1555C} = {D84AEF35-9C1F-4D55-BF1A-EC1E8208C5D2}
		{736E541D-BE92-497F-9291-D19803E6ACFF} = {D84AEF35-9C1F-4D55-BF1A-EC1E8208C5D2}
		{57FF6310-A7BD-4A6D-80EB-3B886143666D} = {E2C03C90-22BA-4D46-854C-729B3B67930E}
		{99CE0CF6-30C4-464A-BE19-57F34C70DEE7} = {6FA517B9-BF32-4949-B1EF-0D9908BAB12F}
		{DB540D9D-FB47-44D9-9027-512679F3E557} = {AE9380C2-C409-4212-B694-F4CC8AF7D2BE}
		{E2F96427-17A5-4A79-9FA7-0F225F3A5024} = {EBC44877-7763-4764-B67C-3E19CDD4ED35}
		{394CA09E-8412-496B-AE53-5506D8B48DA8} = {EBC44877-7763-4764-B67C-3E19CDD4ED35}
		{C24F767C-993B-4E76-B39B-212A79CB0C44} = {86FC6866-C31E-4F9C-9A1A-EDC1F37FDC75}
		{E5182AE6-FC27-4942-A4BE-E1A9E9116807} = {B7F0DE04-E4B4-4011-9DE1-A180B2C851BC}
		{33A19FF4-08B0-465F-84C8-80D52D494A9D} = {B7F0DE04-E4B4-4011-9DE1-A180B2C851BC}
	EndGlobalSection
	GlobalSection(ExtensibilityGlobals) = postSolution
		SolutionGuid = {8F79F3DE-076E-4294-B734-D572D4B64ADD}
	EndGlobalSection
EndGlobal
