
Microsoft Visual Studio Solution File, Format Version 12.00
# Visual Studio Version 17
VisualStudioVersion = 17.8.34309.116
MinimumVisualStudioVersion = 10.0.40219.1
Project("{2150E333-8FDC-42A3-9474-1A3956D46DE8}") = "Red.Common", "Red.Common", "{4AF5CFA8-7212-4F67-A69B-9ACD566EC44E}"
EndProject
Project("{2150E333-8FDC-42A3-9474-1A3956D46DE8}") = "Red.Chat", "Red.Chat", "{54C8AC38-C3DC-457E-B973-263DB30B926A}"
EndProject
Project("{2150E333-8FDC-42A3-9474-1A3956D46DE8}") = "Red.Framework", "Red.Framework", "{A35F6F18-9121-469D-A303-6BB06DB1F6D0}"
EndProject
Project("{2150E333-8FDC-42A3-9474-1A3956D46DE8}") = "Red.Death", "Red.Death", "{C79F58CC-FE85-4809-BEB6-984998E59944}"
EndProject
Project("{2150E333-8FDC-42A3-9474-1A3956D46DE8}") = "Red.Grab", "Red.Grab", "{9FFEC893-6513-4580-88E0-68E815F45C4F}"
EndProject
Project("{2150E333-8FDC-42A3-9474-1A3956D46DE8}") = "Red.Cuff", "Red.Cuff", "{9BAC6F35-D82D-470B-B534-5959070D2544}"
EndProject
Project("{9A19103F-16F7-4668-BE54-9A1E7A4F7556}") = "Red.Death.Client", "Red.Death\Client\Red.Death.Client.csproj", "{EBF156F3-D5BA-4095-A795-3E16A938D9D0}"
EndProject
Project("{9A19103F-16F7-4668-BE54-9A1E7A4F7556}") = "Red.Cuff.Client", "Red.Cuff\Client\Red.Cuff.Client.csproj", "{D9971C38-DC4F-4DD2-892D-C24EB4E2D70D}"
EndProject
Project("{9A19103F-16F7-4668-BE54-9A1E7A4F7556}") = "Red.Cuff.Server", "Red.Cuff\Server\Red.Cuff.Server.csproj", "{AEE87201-6023-42B3-9847-CC3AFBB28062}"
EndProject
Project("{9A19103F-16F7-4668-BE54-9A1E7A4F7556}") = "Red.Chat.Client", "Red.Chat\Client\Red.Chat.Client.csproj", "{36E9AFBA-3F66-47D7-BA6E-B188C3184082}"
EndProject
Project("{9A19103F-16F7-4668-BE54-9A1E7A4F7556}") = "Red.Chat.Server", "Red.Chat\Server\Red.Chat.Server.csproj", "{0A1CA720-971E-4902-89C0-B59502400F9C}"
EndProject
Project("{9A19103F-16F7-4668-BE54-9A1E7A4F7556}") = "Red.Framework.Client", "Red.Framework\Client\Red.Framework.Client.csproj", "{841CB719-B9FA-4687-971C-4B3516A4B2AD}"
EndProject
Project("{9A19103F-16F7-4668-BE54-9A1E7A4F7556}") = "Red.Framework.Server", "Red.Framework\Server\Red.Framework.Server.csproj", "{0A7D9212-8C6C-4107-90EF-DDAA0752E226}"
EndProject
Project("{9A19103F-16F7-4668-BE54-9A1E7A4F7556}") = "Red.Grab.Client", "Red.Grab\Client\Red.Grab.Client.csproj", "{C1E68FAA-6533-45AC-B37D-2A4764AE64FD}"
EndProject
Project("{9A19103F-16F7-4668-BE54-9A1E7A4F7556}") = "Red.Grab.Server", "Red.Grab\Server\Red.Grab.Server.csproj", "{4E953C7F-5639-416C-8898-9A9785AF8D9D}"
EndProject
Project("{2150E333-8FDC-42A3-9474-1A3956D46DE8}") = "Red.ShotSpotter", "Red.ShotSpotter", "{D84AEF35-9C1F-4D55-BF1A-EC1E8208C5D2}"
EndProject
Project("{9A19103F-16F7-4668-BE54-9A1E7A4F7556}") = "Red.ShotSpotter.Server", "Red.ShotSpotter\Server\Red.ShotSpotter.Server.csproj", "{E735CD52-A405-4DC1-8DDD-336659C1555C}"
EndProject
Project("{9A19103F-16F7-4668-BE54-9A1E7A4F7556}") = "Red.ShotSpotter.Client", "Red.ShotSpotter\Client\Red.ShotSpotter.Client.csproj", "{736E541D-BE92-497F-9291-D19803E6ACFF}"
EndProject
Project("{2150E333-8FDC-42A3-9474-1A3956D46DE8}") = "Red.NearestPostal", "Red.NearestPostal", "{E2C03C90-22BA-4D46-854C-729B3B67930E}"
EndProject
Project("{9A19103F-16F7-4668-BE54-9A1E7A4F7556}") = "Red.NearestPostal.Client", "Red.NearestPostal\Client\Red.NearestPostal.Client.csproj", "{57FF6310-A7BD-4A6D-80EB-3B886143666D}"
EndProject
Project("{2150E333-8FDC-42A3-9474-1A3956D46DE8}") = "Red.VehicleControl", "Red.VehicleControl", "{6FA517B9-BF32-4949-B1EF-0D9908BAB12F}"
EndProject
Project("{2150E333-8FDC-42A3-9474-1A3956D46DE8}") = "Red.WeaponControl", "Red.WeaponControl", "{AE9380C2-C409-4212-B694-F4CC8AF7D2BE}"
EndProject
Project("{9A19103F-16F7-4668-BE54-9A1E7A4F7556}") = "Red.VehicleControl.Client", "Red.VehicleControl\Client\Red.VehicleControl.Client.csproj", "{99CE0CF6-30C4-464A-BE19-57F34C70DEE7}"
EndProject
Project("{9A19103F-16F7-4668-BE54-9A1E7A4F7556}") = "Red.WeaponControl.Client", "Red.WeaponControl\Client\Red.WeaponControl.Client.csproj", "{DB540D9D-FB47-44D9-9027-512679F3E557}"
EndProject
Project("{2150E333-8FDC-42A3-9474-1A3956D46DE8}") = "Red.Breathalyzer", "Red.Breathalyzer", "{EBC44877-7763-4764-B67C-3E19CDD4ED35}"
EndProject
Project("{9A19103F-16F7-4668-BE54-9A1E7A4F7556}") = "Red.Breathalyzer.Client", "Red.Breathalyzer\Client\Red.Breathalyzer.Client.csproj", "{E2F96427-17A5-4A79-9FA7-0F225F3A5024}"
EndProject
Project("{9A19103F-16F7-4668-BE54-9A1E7A4F7556}") = "Red.Breathalyzer.Server", "Red.Breathalyzer\Server\Red.Breathalyzer.Server.csproj", "{394CA09E-8412-496B-AE53-5506D8B48DA8}"
EndProject
Project("{2150E333-8FDC-42A3-9474-1A3956D46DE8}") = "Red.Whitelist", "Red.Whitelist", "{86FC6866-C31E-4F9C-9A1A-EDC1F37FDC75}"
EndProject
Project("{9A19103F-16F7-4668-BE54-9A1E7A4F7556}") = "Red.Whitelist.Server", "Red.Whitelist\Server\Red.Whitelist.Server.csproj", "{C24F767C-993B-4E76-B39B-212A79CB0C44}"
EndProject
Project("{2150E333-8FDC-42A3-9474-1A3956D46DE8}") = "Red.Essentials", "Red.Essentials", "{B7F0DE04-E4B4-4011-9DE1-A180B2C851BC}"
EndProject
Project("{9A19103F-16F7-4668-BE54-9A1E7A4F7556}") = "Red.Essentials.Client", "Red.Essentials\Client\Red.Essentials.Client.csproj", "{E5182AE6-FC27-4942-A4BE-E1A9E9116807}"
EndProject
Project("{9A19103F-16F7-4668-BE54-9A1E7A4F7556}") = "Red.Essentials.Server", "Red.Essentials\Server\Red.Essentials.Server.csproj", "{33A19FF4-08B0-465F-84C8-80D52D494A9D}"
EndProject
Project("{2150E333-8FDC-42A3-9474-1A3956D46DE8}") = "Red.RepairShop", "Red.RepairShop", "{E7F977BE-A5E4-4B81-9FCB-9C1C3263F63D}"
EndProject
Project("{9A19103F-16F7-4668-BE54-9A1E7A4F7556}") = "Red.RepairShop.Client", "Red.RepairShop\Client\Red.RepairShop.Client.csproj", "{E25F6395-256E-4806-9A2E-41874BD379F0}"
EndProject
Project("{2150E333-8FDC-42A3-9474-1A3956D46DE8}") = "Red.ShowId", "Red.ShowId", "{CD6BB26A-F116-4EFA-90AB-23C26C53719E}"
EndProject
Project("{9A19103F-16F7-4668-BE54-9A1E7A4F7556}") = "Red.ShowId.Client", "Red.ShowId\Client\Red.ShowId.Client.csproj", "{28C4342D-FDC8-4795-9450-C37B7080E15F}"
EndProject
Project("{9A19103F-16F7-4668-BE54-9A1E7A4F7556}") = "Red.ShowId.Server", "Red.ShowId\Server\Red.ShowId.Server.csproj", "{B494D818-2719-4B9B-9DCA-31E0386523F6}"
EndProject
Project("{2150E333-8FDC-42A3-9474-1A3956D46DE8}") = "Red.InteractionMenu", "Red.InteractionMenu", "{25A5357D-F640-404C-B13A-3662C2BE3937}"
EndProject
Project("{9A19103F-16F7-4668-BE54-9A1E7A4F7556}") = "Red.InteractionMenu.Client", "Red.InteractionMenu\Client\Red.InteractionMenu.Client.csproj", "{8120CD93-9E3F-4174-A193-8586AC428029}"
EndProject
Project("{2150E333-8FDC-42A3-9474-1A3956D46DE8}") = "Red.VendingMachines", "Red.VendingMachines", "{E1C116F6-3041-4A9E-AB00-B005220E20E7}"
EndProject
Project("{9A19103F-16F7-4668-BE54-9A1E7A4F7556}") = "Red.VendingMachines.Client", "Red.VendingMachines\Client\Red.VendingMachines.Client.csproj", "{7E717BAD-D383-4615-8062-E8CD0D6056A9}"
EndProject
Project("{9A19103F-16F7-4668-BE54-9A1E7A4F7556}") = "Red.VendingMachines.Server", "Red.VendingMachines\Server\Red.VendingMachines.Server.csproj", "{C299A024-81B3-4F3C-A350-07AB3D6F9100}"
EndProject
Project("{9A19103F-16F7-4668-BE54-9A1E7A4F7556}") = "Red.InteractionMenu.Server", "Red.InteractionMenu\Server\Red.InteractionMenu.Server.csproj", "{64CB5D86-D96F-4AA7-960C-545D049427F8}"
EndProject
Project("{2150E333-8FDC-42A3-9474-1A3956D46DE8}") = "Red.Jail", "Red.Jail", "{6FCA64BA-F17B-4A0B-8438-41EE87656E62}"
EndProject
Project("{9A19103F-16F7-4668-BE54-9A1E7A4F7556}") = "Red.Jail.Client", "Red.Jail\Client\Red.Jail.Client.csproj", "{DE3254FE-0D4A-441A-84CC-9A6ED5E41E9A}"
EndProject
Project("{9A19103F-16F7-4668-BE54-9A1E7A4F7556}") = "Red.Jail.Server", "Red.Jail\Server\Red.Jail.Server.csproj", "{E244851B-1036-4B95-B716-6D428B03766E}"
EndProject
Project("{9A19103F-16F7-4668-BE54-9A1E7A4F7556}") = "Red.Common.Client", "Red.Common\Client\Red.Common.Client.csproj", "{8CA08D1C-9F13-4BDD-8DC0-6E53654A465B}"
EndProject
Project("{9A19103F-16F7-4668-BE54-9A1E7A4F7556}") = "Red.Common.Server", "Red.Common\Server\Red.Common.Server.csproj", "{07D8BEC8-FAA2-4534-A117-0A5887F7965E}"
EndProject
Project("{2150E333-8FDC-42A3-9474-1A3956D46DE8}") = "Red.Economy", "Red.Economy", "{C2BA567B-1AFF-42BF-9DCF-9F5A33B8AEC9}"
EndProject
Project("{9A19103F-16F7-4668-BE54-9A1E7A4F7556}") = "Red.Economy.Client", "Red.Economy\Client\Red.Economy.Client.csproj", "{8FA51C14-A118-4136-84E1-093A5B39905D}"
EndProject
Project("{9A19103F-16F7-4668-BE54-9A1E7A4F7556}") = "Red.Economy.Server", "Red.Economy\Server\Red.Economy.Server.csproj", "{DDC84B56-B93E-4BFB-80C4-3A7AA06AA459}"
EndProject
Global
	GlobalSection(SolutionConfigurationPlatforms) = preSolution
		Debug|Any CPU = Debug|Any CPU
		Release|Any CPU = Release|Any CPU
	EndGlobalSection
	GlobalSection(ProjectConfigurationPlatforms) = postSolution
		{EBF156F3-D5BA-4095-A795-3E16A938D9D0}.Debug|Any CPU.ActiveCfg = Debug|Any CPU
		{EBF156F3-D5BA-4095-A795-3E16A938D9D0}.Debug|Any CPU.Build.0 = Debug|Any CPU
		{EBF156F3-D5BA-4095-A795-3E16A938D9D0}.Release|Any CPU.ActiveCfg = Release|Any CPU
		{EBF156F3-D5BA-4095-A795-3E16A938D9D0}.Release|Any CPU.Build.0 = Release|Any CPU
		{D9971C38-DC4F-4DD2-892D-C24EB4E2D70D}.Debug|Any CPU.ActiveCfg = Debug|Any CPU
		{D9971C38-DC4F-4DD2-892D-C24EB4E2D70D}.Debug|Any CPU.Build.0 = Debug|Any CPU
		{D9971C38-DC4F-4DD2-892D-C24EB4E2D70D}.Release|Any CPU.ActiveCfg = Release|Any CPU
		{D9971C38-DC4F-4DD2-892D-C24EB4E2D70D}.Release|Any CPU.Build.0 = Release|Any CPU
		{AEE87201-6023-42B3-9847-CC3AFBB28062}.Debug|Any CPU.ActiveCfg = Debug|Any CPU
		{AEE87201-6023-42B3-9847-CC3AFBB28062}.Debug|Any CPU.Build.0 = Debug|Any CPU
		{AEE87201-6023-42B3-9847-CC3AFBB28062}.Release|Any CPU.ActiveCfg = Release|Any CPU
		{AEE87201-6023-42B3-9847-CC3AFBB28062}.Release|Any CPU.Build.0 = Release|Any CPU
		{36E9AFBA-3F66-47D7-BA6E-B188C3184082}.Debug|Any CPU.ActiveCfg = Debug|Any CPU
		{36E9AFBA-3F66-47D7-BA6E-B188C3184082}.Debug|Any CPU.Build.0 = Debug|Any CPU
		{36E9AFBA-3F66-47D7-BA6E-B188C3184082}.Release|Any CPU.ActiveCfg = Release|Any CPU
		{36E9AFBA-3F66-47D7-BA6E-B188C3184082}.Release|Any CPU.Build.0 = Release|Any CPU
		{0A1CA720-971E-4902-89C0-B59502400F9C}.Debug|Any CPU.ActiveCfg = Debug|Any CPU
		{0A1CA720-971E-4902-89C0-B59502400F9C}.Debug|Any CPU.Build.0 = Debug|Any CPU
		{0A1CA720-971E-4902-89C0-B59502400F9C}.Release|Any CPU.ActiveCfg = Release|Any CPU
		{0A1CA720-971E-4902-89C0-B59502400F9C}.Release|Any CPU.Build.0 = Release|Any CPU
		{841CB719-B9FA-4687-971C-4B3516A4B2AD}.Debug|Any CPU.ActiveCfg = Debug|Any CPU
		{841CB719-B9FA-4687-971C-4B3516A4B2AD}.Debug|Any CPU.Build.0 = Debug|Any CPU
		{841CB719-B9FA-4687-971C-4B3516A4B2AD}.Release|Any CPU.ActiveCfg = Release|Any CPU
		{841CB719-B9FA-4687-971C-4B3516A4B2AD}.Release|Any CPU.Build.0 = Release|Any CPU
		{0A7D9212-8C6C-4107-90EF-DDAA0752E226}.Debug|Any CPU.ActiveCfg = Debug|Any CPU
		{0A7D9212-8C6C-4107-90EF-DDAA0752E226}.Debug|Any CPU.Build.0 = Debug|Any CPU
		{0A7D9212-8C6C-4107-90EF-DDAA0752E226}.Release|Any CPU.ActiveCfg = Release|Any CPU
		{0A7D9212-8C6C-4107-90EF-DDAA0752E226}.Release|Any CPU.Build.0 = Release|Any CPU
		{C1E68FAA-6533-45AC-B37D-2A4764AE64FD}.Debug|Any CPU.ActiveCfg = Debug|Any CPU
		{C1E68FAA-6533-45AC-B37D-2A4764AE64FD}.Debug|Any CPU.Build.0 = Debug|Any CPU
		{C1E68FAA-6533-45AC-B37D-2A4764AE64FD}.Release|Any CPU.ActiveCfg = Release|Any CPU
		{C1E68FAA-6533-45AC-B37D-2A4764AE64FD}.Release|Any CPU.Build.0 = Release|Any CPU
		{4E953C7F-5639-416C-8898-9A9785AF8D9D}.Debug|Any CPU.ActiveCfg = Debug|Any CPU
		{4E953C7F-5639-416C-8898-9A9785AF8D9D}.Debug|Any CPU.Build.0 = Debug|Any CPU
		{4E953C7F-5639-416C-8898-9A9785AF8D9D}.Release|Any CPU.ActiveCfg = Release|Any CPU
		{4E953C7F-5639-416C-8898-9A9785AF8D9D}.Release|Any CPU.Build.0 = Release|Any CPU
		{E735CD52-A405-4DC1-8DDD-336659C1555C}.Debug|Any CPU.ActiveCfg = Debug|Any CPU
		{E735CD52-A405-4DC1-8DDD-336659C1555C}.Debug|Any CPU.Build.0 = Debug|Any CPU
		{E735CD52-A405-4DC1-8DDD-336659C1555C}.Release|Any CPU.ActiveCfg = Release|Any CPU
		{E735CD52-A405-4DC1-8DDD-336659C1555C}.Release|Any CPU.Build.0 = Release|Any CPU
		{736E541D-BE92-497F-9291-D19803E6ACFF}.Debug|Any CPU.ActiveCfg = Debug|Any CPU
		{736E541D-BE92-497F-9291-D19803E6ACFF}.Debug|Any CPU.Build.0 = Debug|Any CPU
		{736E541D-BE92-497F-9291-D19803E6ACFF}.Release|Any CPU.ActiveCfg = Release|Any CPU
		{736E541D-BE92-497F-9291-D19803E6ACFF}.Release|Any CPU.Build.0 = Release|Any CPU
		{57FF6310-A7BD-4A6D-80EB-3B886143666D}.Debug|Any CPU.ActiveCfg = Debug|Any CPU
		{57FF6310-A7BD-4A6D-80EB-3B886143666D}.Debug|Any CPU.Build.0 = Debug|Any CPU
		{57FF6310-A7BD-4A6D-80EB-3B886143666D}.Release|Any CPU.ActiveCfg = Release|Any CPU
		{57FF6310-A7BD-4A6D-80EB-3B886143666D}.Release|Any CPU.Build.0 = Release|Any CPU
		{99CE0CF6-30C4-464A-BE19-57F34C70DEE7}.Debug|Any CPU.ActiveCfg = Debug|Any CPU
		{99CE0CF6-30C4-464A-BE19-57F34C70DEE7}.Debug|Any CPU.Build.0 = Debug|Any CPU
		{99CE0CF6-30C4-464A-BE19-57F34C70DEE7}.Release|Any CPU.ActiveCfg = Release|Any CPU
		{99CE0CF6-30C4-464A-BE19-57F34C70DEE7}.Release|Any CPU.Build.0 = Release|Any CPU
		{DB540D9D-FB47-44D9-9027-512679F3E557}.Debug|Any CPU.ActiveCfg = Debug|Any CPU
		{DB540D9D-FB47-44D9-9027-512679F3E557}.Debug|Any CPU.Build.0 = Debug|Any CPU
		{DB540D9D-FB47-44D9-9027-512679F3E557}.Release|Any CPU.ActiveCfg = Release|Any CPU
		{DB540D9D-FB47-44D9-9027-512679F3E557}.Release|Any CPU.Build.0 = Release|Any CPU
		{E2F96427-17A5-4A79-9FA7-0F225F3A5024}.Debug|Any CPU.ActiveCfg = Debug|Any CPU
		{E2F96427-17A5-4A79-9FA7-0F225F3A5024}.Debug|Any CPU.Build.0 = Debug|Any CPU
		{E2F96427-17A5-4A79-9FA7-0F225F3A5024}.Release|Any CPU.ActiveCfg = Release|Any CPU
		{E2F96427-17A5-4A79-9FA7-0F225F3A5024}.Release|Any CPU.Build.0 = Release|Any CPU
		{394CA09E-8412-496B-AE53-5506D8B48DA8}.Debug|Any CPU.ActiveCfg = Debug|Any CPU
		{394CA09E-8412-496B-AE53-5506D8B48DA8}.Debug|Any CPU.Build.0 = Debug|Any CPU
		{394CA09E-8412-496B-AE53-5506D8B48DA8}.Release|Any CPU.ActiveCfg = Release|Any CPU
		{394CA09E-8412-496B-AE53-5506D8B48DA8}.Release|Any CPU.Build.0 = Release|Any CPU
		{C24F767C-993B-4E76-B39B-212A79CB0C44}.Debug|Any CPU.ActiveCfg = Debug|Any CPU
		{C24F767C-993B-4E76-B39B-212A79CB0C44}.Debug|Any CPU.Build.0 = Debug|Any CPU
		{C24F767C-993B-4E76-B39B-212A79CB0C44}.Release|Any CPU.ActiveCfg = Release|Any CPU
		{C24F767C-993B-4E76-B39B-212A79CB0C44}.Release|Any CPU.Build.0 = Release|Any CPU
		{E5182AE6-FC27-4942-A4BE-E1A9E9116807}.Debug|Any CPU.ActiveCfg = Debug|Any CPU
		{E5182AE6-FC27-4942-A4BE-E1A9E9116807}.Debug|Any CPU.Build.0 = Debug|Any CPU
		{E5182AE6-FC27-4942-A4BE-E1A9E9116807}.Release|Any CPU.ActiveCfg = Release|Any CPU
		{E5182AE6-FC27-4942-A4BE-E1A9E9116807}.Release|Any CPU.Build.0 = Release|Any CPU
		{33A19FF4-08B0-465F-84C8-80D52D494A9D}.Debug|Any CPU.ActiveCfg = Debug|Any CPU
		{33A19FF4-08B0-465F-84C8-80D52D494A9D}.Debug|Any CPU.Build.0 = Debug|Any CPU
		{33A19FF4-08B0-465F-84C8-80D52D494A9D}.Release|Any CPU.ActiveCfg = Release|Any CPU
		{33A19FF4-08B0-465F-84C8-80D52D494A9D}.Release|Any CPU.Build.0 = Release|Any CPU
		{E25F6395-256E-4806-9A2E-41874BD379F0}.Debug|Any CPU.ActiveCfg = Debug|Any CPU
		{E25F6395-256E-4806-9A2E-41874BD379F0}.Debug|Any CPU.Build.0 = Debug|Any CPU
		{E25F6395-256E-4806-9A2E-41874BD379F0}.Release|Any CPU.ActiveCfg = Release|Any CPU
		{E25F6395-256E-4806-9A2E-41874BD379F0}.Release|Any CPU.Build.0 = Release|Any CPU
		{28C4342D-FDC8-4795-9450-C37B7080E15F}.Debug|Any CPU.ActiveCfg = Debug|Any CPU
		{28C4342D-FDC8-4795-9450-C37B7080E15F}.Debug|Any CPU.Build.0 = Debug|Any CPU
		{28C4342D-FDC8-4795-9450-C37B7080E15F}.Release|Any CPU.ActiveCfg = Release|Any CPU
		{28C4342D-FDC8-4795-9450-C37B7080E15F}.Release|Any CPU.Build.0 = Release|Any CPU
		{B494D818-2719-4B9B-9DCA-31E0386523F6}.Debug|Any CPU.ActiveCfg = Debug|Any CPU
		{B494D818-2719-4B9B-9DCA-31E0386523F6}.Debug|Any CPU.Build.0 = Debug|Any CPU
		{B494D818-2719-4B9B-9DCA-31E0386523F6}.Release|Any CPU.ActiveCfg = Release|Any CPU
		{B494D818-2719-4B9B-9DCA-31E0386523F6}.Release|Any CPU.Build.0 = Release|Any CPU
		{8120CD93-9E3F-4174-A193-8586AC428029}.Debug|Any CPU.ActiveCfg = Debug|Any CPU
		{8120CD93-9E3F-4174-A193-8586AC428029}.Debug|Any CPU.Build.0 = Debug|Any CPU
		{8120CD93-9E3F-4174-A193-8586AC428029}.Release|Any CPU.ActiveCfg = Release|Any CPU
		{8120CD93-9E3F-4174-A193-8586AC428029}.Release|Any CPU.Build.0 = Release|Any CPU
		{7E717BAD-D383-4615-8062-E8CD0D6056A9}.Debug|Any CPU.ActiveCfg = Debug|Any CPU
		{7E717BAD-D383-4615-8062-E8CD0D6056A9}.Debug|Any CPU.Build.0 = Debug|Any CPU
		{7E717BAD-D383-4615-8062-E8CD0D6056A9}.Release|Any CPU.ActiveCfg = Release|Any CPU
		{7E717BAD-D383-4615-8062-E8CD0D6056A9}.Release|Any CPU.Build.0 = Release|Any CPU
		{C299A024-81B3-4F3C-A350-07AB3D6F9100}.Debug|Any CPU.ActiveCfg = Debug|Any CPU
		{C299A024-81B3-4F3C-A350-07AB3D6F9100}.Debug|Any CPU.Build.0 = Debug|Any CPU
		{C299A024-81B3-4F3C-A350-07AB3D6F9100}.Release|Any CPU.ActiveCfg = Release|Any CPU
		{C299A024-81B3-4F3C-A350-07AB3D6F9100}.Release|Any CPU.Build.0 = Release|Any CPU
		{64CB5D86-D96F-4AA7-960C-545D049427F8}.Debug|Any CPU.ActiveCfg = Debug|Any CPU
		{64CB5D86-D96F-4AA7-960C-545D049427F8}.Debug|Any CPU.Build.0 = Debug|Any CPU
		{64CB5D86-D96F-4AA7-960C-545D049427F8}.Release|Any CPU.ActiveCfg = Release|Any CPU
		{64CB5D86-D96F-4AA7-960C-545D049427F8}.Release|Any CPU.Build.0 = Release|Any CPU
		{DE3254FE-0D4A-441A-84CC-9A6ED5E41E9A}.Debug|Any CPU.ActiveCfg = Debug|Any CPU
		{DE3254FE-0D4A-441A-84CC-9A6ED5E41E9A}.Debug|Any CPU.Build.0 = Debug|Any CPU
		{DE3254FE-0D4A-441A-84CC-9A6ED5E41E9A}.Release|Any CPU.ActiveCfg = Release|Any CPU
		{DE3254FE-0D4A-441A-84CC-9A6ED5E41E9A}.Release|Any CPU.Build.0 = Release|Any CPU
		{E244851B-1036-4B95-B716-6D428B03766E}.Debug|Any CPU.ActiveCfg = Debug|Any CPU
		{E244851B-1036-4B95-B716-6D428B03766E}.Debug|Any CPU.Build.0 = Debug|Any CPU
		{E244851B-1036-4B95-B716-6D428B03766E}.Release|Any CPU.ActiveCfg = Release|Any CPU
		{E244851B-1036-4B95-B716-6D428B03766E}.Release|Any CPU.Build.0 = Release|Any CPU
		{8CA08D1C-9F13-4BDD-8DC0-6E53654A465B}.Debug|Any CPU.ActiveCfg = Debug|Any CPU
		{8CA08D1C-9F13-4BDD-8DC0-6E53654A465B}.Debug|Any CPU.Build.0 = Debug|Any CPU
		{8CA08D1C-9F13-4BDD-8DC0-6E53654A465B}.Release|Any CPU.ActiveCfg = Release|Any CPU
		{8CA08D1C-9F13-4BDD-8DC0-6E53654A465B}.Release|Any CPU.Build.0 = Release|Any CPU
		{07D8BEC8-FAA2-4534-A117-0A5887F7965E}.Debug|Any CPU.ActiveCfg = Debug|Any CPU
		{07D8BEC8-FAA2-4534-A117-0A5887F7965E}.Debug|Any CPU.Build.0 = Debug|Any CPU
		{07D8BEC8-FAA2-4534-A117-0A5887F7965E}.Release|Any CPU.ActiveCfg = Release|Any CPU
		{07D8BEC8-FAA2-4534-A117-0A5887F7965E}.Release|Any CPU.Build.0 = Release|Any CPU
		{8FA51C14-A118-4136-84E1-093A5B39905D}.Debug|Any CPU.ActiveCfg = Debug|Any CPU
		{8FA51C14-A118-4136-84E1-093A5B39905D}.Debug|Any CPU.Build.0 = Debug|Any CPU
		{8FA51C14-A118-4136-84E1-093A5B39905D}.Release|Any CPU.ActiveCfg = Release|Any CPU
		{8FA51C14-A118-4136-84E1-093A5B39905D}.Release|Any CPU.Build.0 = Release|Any CPU
		{DDC84B56-B93E-4BFB-80C4-3A7AA06AA459}.Debug|Any CPU.ActiveCfg = Debug|Any CPU
		{DDC84B56-B93E-4BFB-80C4-3A7AA06AA459}.Debug|Any CPU.Build.0 = Debug|Any CPU
		{DDC84B56-B93E-4BFB-80C4-3A7AA06AA459}.Release|Any CPU.ActiveCfg = Release|Any CPU
		{DDC84B56-B93E-4BFB-80C4-3A7AA06AA459}.Release|Any CPU.Build.0 = Release|Any CPU
	EndGlobalSection
	GlobalSection(SolutionProperties) = preSolution
		HideSolutionNode = FALSE
	EndGlobalSection
	GlobalSection(NestedProjects) = preSolution
		{EBF156F3-D5BA-4095-A795-3E16A938D9D0} = {C79F58CC-FE85-4809-BEB6-984998E59944}
		{D9971C38-DC4F-4DD2-892D-C24EB4E2D70D} = {9BAC6F35-D82D-470B-B534-5959070D2544}
		{AEE87201-6023-42B3-9847-CC3AFBB28062} = {9BAC6F35-D82D-470B-B534-5959070D2544}
		{36E9AFBA-3F66-47D7-BA6E-B188C3184082} = {54C8AC38-C3DC-457E-B973-263DB30B926A}
		{0A1CA720-971E-4902-89C0-B59502400F9C} = {54C8AC38-C3DC-457E-B973-263DB30B926A}
		{841CB719-B9FA-4687-971C-4B3516A4B2AD} = {A35F6F18-9121-469D-A303-6BB06DB1F6D0}
		{0A7D9212-8C6C-4107-90EF-DDAA0752E226} = {A35F6F18-9121-469D-A303-6BB06DB1F6D0}
		{C1E68FAA-6533-45AC-B37D-2A4764AE64FD} = {9FFEC893-6513-4580-88E0-68E815F45C4F}
		{4E953C7F-5639-416C-8898-9A9785AF8D9D} = {9FFEC893-6513-4580-88E0-68E815F45C4F}
		{E735CD52-A405-4DC1-8DDD-336659C1555C} = {D84AEF35-9C1F-4D55-BF1A-EC1E8208C5D2}
		{736E541D-BE92-497F-9291-D19803E6ACFF} = {D84AEF35-9C1F-4D55-BF1A-EC1E8208C5D2}
		{57FF6310-A7BD-4A6D-80EB-3B886143666D} = {E2C03C90-22BA-4D46-854C-729B3B67930E}
		{99CE0CF6-30C4-464A-BE19-57F34C70DEE7} = {6FA517B9-BF32-4949-B1EF-0D9908BAB12F}
		{DB540D9D-FB47-44D9-9027-512679F3E557} = {AE9380C2-C409-4212-B694-F4CC8AF7D2BE}
		{E2F96427-17A5-4A79-9FA7-0F225F3A5024} = {EBC44877-7763-4764-B67C-3E19CDD4ED35}
		{394CA09E-8412-496B-AE53-5506D8B48DA8} = {EBC44877-7763-4764-B67C-3E19CDD4ED35}
		{C24F767C-993B-4E76-B39B-212A79CB0C44} = {86FC6866-C31E-4F9C-9A1A-EDC1F37FDC75}
		{E5182AE6-FC27-4942-A4BE-E1A9E9116807} = {B7F0DE04-E4B4-4011-9DE1-A180B2C851BC}
		{33A19FF4-08B0-465F-84C8-80D52D494A9D} = {B7F0DE04-E4B4-4011-9DE1-A180B2C851BC}
		{E25F6395-256E-4806-9A2E-41874BD379F0} = {E7F977BE-A5E4-4B81-9FCB-9C1C3263F63D}
		{28C4342D-FDC8-4795-9450-C37B7080E15F} = {CD6BB26A-F116-4EFA-90AB-23C26C53719E}
		{B494D818-2719-4B9B-9DCA-31E0386523F6} = {CD6BB26A-F116-4EFA-90AB-23C26C53719E}
		{8120CD93-9E3F-4174-A193-8586AC428029} = {25A5357D-F640-404C-B13A-3662C2BE3937}
		{7E717BAD-D383-4615-8062-E8CD0D6056A9} = {E1C116F6-3041-4A9E-AB00-B005220E20E7}
		{C299A024-81B3-4F3C-A350-07AB3D6F9100} = {E1C116F6-3041-4A9E-AB00-B005220E20E7}
		{64CB5D86-D96F-4AA7-960C-545D049427F8} = {25A5357D-F640-404C-B13A-3662C2BE3937}
		{DE3254FE-0D4A-441A-84CC-9A6ED5E41E9A} = {6FCA64BA-F17B-4A0B-8438-41EE87656E62}
		{E244851B-1036-4B95-B716-6D428B03766E} = {6FCA64BA-F17B-4A0B-8438-41EE87656E62}
		{8CA08D1C-9F13-4BDD-8DC0-6E53654A465B} = {4AF5CFA8-7212-4F67-A69B-9ACD566EC44E}
		{07D8BEC8-FAA2-4534-A117-0A5887F7965E} = {4AF5CFA8-7212-4F67-A69B-9ACD566EC44E}
		{8FA51C14-A118-4136-84E1-093A5B39905D} = {C2BA567B-1AFF-42BF-9DCF-9F5A33B8AEC9}
		{DDC84B56-B93E-4BFB-80C4-3A7AA06AA459} = {C2BA567B-1AFF-42BF-9DCF-9F5A33B8AEC9}
	EndGlobalSection
	GlobalSection(ExtensibilityGlobals) = postSolution
		SolutionGuid = {8F79F3DE-076E-4294-B734-D572D4B64ADD}
	EndGlobalSection
EndGlobal
