
Microsoft Visual Studio Solution File, Format Version 12.00
# Visual Studio Version 17
VisualStudioVersion = 17.7.34202.233
MinimumVisualStudioVersion = 10.0.40219.1
Project("{9A19103F-16F7-4668-BE54-9A1E7A4F7556}") = "Red.Death.Client", "Red.Death\Client\Red.Death.Client.csproj", "{AD0C823E-227F-4CE8-BAA7-892BBAE689BA}"
EndProject
Project("{9A19103F-16F7-4668-BE54-9A1E7A4F7556}") = "Red.DeleteVehicle.Client", "Red.DeleteVehicle\Client\Red.DeleteVehicle.Client.csproj", "{E0EF9340-AEBE-4F5B-B3A9-58E08015C1D4}"
EndProject
Project("{2150E333-8FDC-42A3-9474-1A3956D46DE8}") = "Death", "Death", "{193701A7-A3F6-420D-9578-E35998E4BFCB}"
EndProject
Project("{2150E333-8FDC-42A3-9474-1A3956D46DE8}") = "DeleteVehicle", "DeleteVehicle", "{7C862D1A-62BA-4C72-9362-B3B471244978}"
EndProject
Project("{2150E333-8FDC-42A3-9474-1A3956D46DE8}") = "Anchor", "Anchor", "{22B166CA-112A-4C54-8E49-95710D9788CA}"
EndProject
Project("{9A19103F-16F7-4668-BE54-9A1E7A4F7556}") = "Red.DeleteVehicle.Server", "Red.DeleteVehicle\Server\Red.DeleteVehicle.Server.csproj", "{FE5C4163-12E1-4E37-85F0-4E382CD9CFBB}"
EndProject
Project("{9A19103F-16F7-4668-BE54-9A1E7A4F7556}") = "Red.Anchor.Client", "Red.Anchor\Client\Red.Anchor.Client.csproj", "{BBBCE434-7E12-4439-8241-3010BA8A69DF}"
EndProject
Project("{2150E333-8FDC-42A3-9474-1A3956D46DE8}") = "Grab", "Grab", "{C5CE3C6F-DE91-4F2C-86F7-2C7EA3C1E14D}"
EndProject
Project("{2150E333-8FDC-42A3-9474-1A3956D46DE8}") = "Cuff", "Cuff", "{A5629996-CF4E-44B6-92F3-E8AF58591AF6}"
EndProject
Project("{9A19103F-16F7-4668-BE54-9A1E7A4F7556}") = "Red.Cuff.Client", "Red.Cuff\Client\Red.Cuff.Client.csproj", "{2B2DF7C2-2FB4-4EE1-BDF0-E2D8600CC72B}"
EndProject
Project("{9A19103F-16F7-4668-BE54-9A1E7A4F7556}") = "Red.Cuff.Server", "Red.Cuff\Server\Red.Cuff.Server.csproj", "{20D8E11E-2E26-49AC-91C9-6D9E506674CC}"
EndProject
Project("{9A19103F-16F7-4668-BE54-9A1E7A4F7556}") = "Red.Grab.Client", "Red.Grab\Client\Red.Grab.Client.csproj", "{48037C42-7329-4392-85E6-CF77052B845B}"
EndProject
Project("{9A19103F-16F7-4668-BE54-9A1E7A4F7556}") = "Red.Grab.Server", "Red.Grab\Server\Red.Grab.Server.csproj", "{5B74C0C1-5849-42F4-B11B-6C1A7A118A45}"
EndProject
Project("{2150E333-8FDC-42A3-9474-1A3956D46DE8}") = "Breathalyzer", "Breathalyzer", "{AB503B40-B964-4F4A-86C6-BED40636268C}"
EndProject
Project("{2150E333-8FDC-42A3-9474-1A3956D46DE8}") = "GsrTest", "GsrTest", "{126D2F71-3832-4C79-A1C8-74359D60CF4E}"
EndProject
Project("{2150E333-8FDC-42A3-9474-1A3956D46DE8}") = "Holster", "Holster", "{1DBFB80F-F026-4B37-A3A4-65DD900C94A8}"
EndProject
Project("{9A19103F-16F7-4668-BE54-9A1E7A4F7556}") = "Red.Breathalyzer.Client", "Red.Breathalyzer\Client\Red.Breathalyzer.Client.csproj", "{39CF7165-E408-4AED-B180-43C0E060E501}"
EndProject
Project("{9A19103F-16F7-4668-BE54-9A1E7A4F7556}") = "Red.Breathalyzer.Server", "Red.Breathalyzer\Server\Red.Breathalyzer.Server.csproj", "{1B143F35-9237-4702-9F99-BDB13701FEED}"
EndProject
Project("{9A19103F-16F7-4668-BE54-9A1E7A4F7556}") = "Red.GsrTest.Server", "Red.GsrTest\Server\Red.GsrTest.Server.csproj", "{F685EBEB-43A3-412F-AED9-1B16479C5E85}"
EndProject
Project("{9A19103F-16F7-4668-BE54-9A1E7A4F7556}") = "Red.GsrTest.Client", "Red.GsrTest\Client\Red.GsrTest.Client.csproj", "{3ADB8CC2-BD8E-4714-B4EE-2B34C9014A87}"
EndProject
Project("{9A19103F-16F7-4668-BE54-9A1E7A4F7556}") = "Red.Holster.Client", "Red.Holster\Client\Red.Holster.Client.csproj", "{D3F98D82-48FC-48FC-9CF5-CFA349E496FC}"
EndProject
Project("{9A19103F-16F7-4668-BE54-9A1E7A4F7556}") = "Red.Holster.Server", "Red.Holster\Server\Red.Holster.Server.csproj", "{6C6797B4-8CD1-45B5-84E9-DA58734BD868}"
EndProject
Project("{2150E333-8FDC-42A3-9474-1A3956D46DE8}") = "Framework", "Framework", "{71A9C79D-0382-46AA-BBF2-C20910EA88C2}"
EndProject
Project("{9A19103F-16F7-4668-BE54-9A1E7A4F7556}") = "Red.Framework.Client", "Red.Framework\Client\Red.Framework.Client.csproj", "{C3DDF1FF-576A-4047-8788-1DDBE2095DF8}"
EndProject
Project("{9A19103F-16F7-4668-BE54-9A1E7A4F7556}") = "Red.Framework.Server", "Red.Framework\Server\Red.Framework.Server.csproj", "{6B699855-1121-4AB6-9300-CB7E3C3218D1}"
EndProject
Project("{2150E333-8FDC-42A3-9474-1A3956D46DE8}") = "Chat", "Chat", "{325BB483-03A5-449E-985C-B9389AF0A5E0}"
EndProject
Project("{9A19103F-16F7-4668-BE54-9A1E7A4F7556}") = "Red.Chat.Client", "Red.Chat\Client\Red.Chat.Client.csproj", "{8C884246-D4C6-49A4-8E5D-04E7456F34B3}"
EndProject
Project("{9A19103F-16F7-4668-BE54-9A1E7A4F7556}") = "Red.Chat.Server", "Red.Chat\Server\Red.Chat.Server.csproj", "{7A7D40F6-BD22-48A5-AF17-DFFFEF56F31E}"
EndProject
Project("{2150E333-8FDC-42A3-9474-1A3956D46DE8}") = "Common", "Common", "{03E24EFA-0FB3-46A0-9E56-FF60256BD69E}"
EndProject
Project("{9A19103F-16F7-4668-BE54-9A1E7A4F7556}") = "Red.Common.Client", "Red.Common\Client\Red.Common.Client.csproj", "{14A30A41-BAD4-4590-9337-522D5C30FC74}"
EndProject
Project("{9A19103F-16F7-4668-BE54-9A1E7A4F7556}") = "Red.Common.Server", "Red.Common\Server\Red.Common.Server.csproj", "{2CE501D9-13A4-488D-80BD-74EFCD1A8770}"
EndProject
Global
	GlobalSection(SolutionConfigurationPlatforms) = preSolution
		Debug|Any CPU = Debug|Any CPU
		Release|Any CPU = Release|Any CPU
	EndGlobalSection
	GlobalSection(ProjectConfigurationPlatforms) = postSolution
		{AD0C823E-227F-4CE8-BAA7-892BBAE689BA}.Debug|Any CPU.ActiveCfg = Debug|Any CPU
		{AD0C823E-227F-4CE8-BAA7-892BBAE689BA}.Debug|Any CPU.Build.0 = Debug|Any CPU
		{AD0C823E-227F-4CE8-BAA7-892BBAE689BA}.Release|Any CPU.ActiveCfg = Release|Any CPU
		{AD0C823E-227F-4CE8-BAA7-892BBAE689BA}.Release|Any CPU.Build.0 = Release|Any CPU
		{E0EF9340-AEBE-4F5B-B3A9-58E08015C1D4}.Debug|Any CPU.ActiveCfg = Debug|Any CPU
		{E0EF9340-AEBE-4F5B-B3A9-58E08015C1D4}.Debug|Any CPU.Build.0 = Debug|Any CPU
		{E0EF9340-AEBE-4F5B-B3A9-58E08015C1D4}.Release|Any CPU.ActiveCfg = Release|Any CPU
		{E0EF9340-AEBE-4F5B-B3A9-58E08015C1D4}.Release|Any CPU.Build.0 = Release|Any CPU
		{FE5C4163-12E1-4E37-85F0-4E382CD9CFBB}.Debug|Any CPU.ActiveCfg = Debug|Any CPU
		{FE5C4163-12E1-4E37-85F0-4E382CD9CFBB}.Debug|Any CPU.Build.0 = Debug|Any CPU
		{FE5C4163-12E1-4E37-85F0-4E382CD9CFBB}.Release|Any CPU.ActiveCfg = Release|Any CPU
		{FE5C4163-12E1-4E37-85F0-4E382CD9CFBB}.Release|Any CPU.Build.0 = Release|Any CPU
		{BBBCE434-7E12-4439-8241-3010BA8A69DF}.Debug|Any CPU.ActiveCfg = Debug|Any CPU
		{BBBCE434-7E12-4439-8241-3010BA8A69DF}.Debug|Any CPU.Build.0 = Debug|Any CPU
		{BBBCE434-7E12-4439-8241-3010BA8A69DF}.Release|Any CPU.ActiveCfg = Release|Any CPU
		{BBBCE434-7E12-4439-8241-3010BA8A69DF}.Release|Any CPU.Build.0 = Release|Any CPU
		{2B2DF7C2-2FB4-4EE1-BDF0-E2D8600CC72B}.Debug|Any CPU.ActiveCfg = Debug|Any CPU
		{2B2DF7C2-2FB4-4EE1-BDF0-E2D8600CC72B}.Debug|Any CPU.Build.0 = Debug|Any CPU
		{2B2DF7C2-2FB4-4EE1-BDF0-E2D8600CC72B}.Release|Any CPU.ActiveCfg = Release|Any CPU
		{2B2DF7C2-2FB4-4EE1-BDF0-E2D8600CC72B}.Release|Any CPU.Build.0 = Release|Any CPU
		{20D8E11E-2E26-49AC-91C9-6D9E506674CC}.Debug|Any CPU.ActiveCfg = Debug|Any CPU
		{20D8E11E-2E26-49AC-91C9-6D9E506674CC}.Debug|Any CPU.Build.0 = Debug|Any CPU
		{20D8E11E-2E26-49AC-91C9-6D9E506674CC}.Release|Any CPU.ActiveCfg = Release|Any CPU
		{20D8E11E-2E26-49AC-91C9-6D9E506674CC}.Release|Any CPU.Build.0 = Release|Any CPU
		{48037C42-7329-4392-85E6-CF77052B845B}.Debug|Any CPU.ActiveCfg = Debug|Any CPU
		{48037C42-7329-4392-85E6-CF77052B845B}.Debug|Any CPU.Build.0 = Debug|Any CPU
		{48037C42-7329-4392-85E6-CF77052B845B}.Release|Any CPU.ActiveCfg = Release|Any CPU
		{48037C42-7329-4392-85E6-CF77052B845B}.Release|Any CPU.Build.0 = Release|Any CPU
		{5B74C0C1-5849-42F4-B11B-6C1A7A118A45}.Debug|Any CPU.ActiveCfg = Debug|Any CPU
		{5B74C0C1-5849-42F4-B11B-6C1A7A118A45}.Debug|Any CPU.Build.0 = Debug|Any CPU
		{5B74C0C1-5849-42F4-B11B-6C1A7A118A45}.Release|Any CPU.ActiveCfg = Release|Any CPU
		{5B74C0C1-5849-42F4-B11B-6C1A7A118A45}.Release|Any CPU.Build.0 = Release|Any CPU
		{39CF7165-E408-4AED-B180-43C0E060E501}.Debug|Any CPU.ActiveCfg = Debug|Any CPU
		{39CF7165-E408-4AED-B180-43C0E060E501}.Debug|Any CPU.Build.0 = Debug|Any CPU
		{39CF7165-E408-4AED-B180-43C0E060E501}.Release|Any CPU.ActiveCfg = Release|Any CPU
		{39CF7165-E408-4AED-B180-43C0E060E501}.Release|Any CPU.Build.0 = Release|Any CPU
		{1B143F35-9237-4702-9F99-BDB13701FEED}.Debug|Any CPU.ActiveCfg = Debug|Any CPU
		{1B143F35-9237-4702-9F99-BDB13701FEED}.Debug|Any CPU.Build.0 = Debug|Any CPU
		{1B143F35-9237-4702-9F99-BDB13701FEED}.Release|Any CPU.ActiveCfg = Release|Any CPU
		{1B143F35-9237-4702-9F99-BDB13701FEED}.Release|Any CPU.Build.0 = Release|Any CPU
		{F685EBEB-43A3-412F-AED9-1B16479C5E85}.Debug|Any CPU.ActiveCfg = Debug|Any CPU
		{F685EBEB-43A3-412F-AED9-1B16479C5E85}.Debug|Any CPU.Build.0 = Debug|Any CPU
		{F685EBEB-43A3-412F-AED9-1B16479C5E85}.Release|Any CPU.ActiveCfg = Release|Any CPU
		{F685EBEB-43A3-412F-AED9-1B16479C5E85}.Release|Any CPU.Build.0 = Release|Any CPU
		{3ADB8CC2-BD8E-4714-B4EE-2B34C9014A87}.Debug|Any CPU.ActiveCfg = Debug|Any CPU
		{3ADB8CC2-BD8E-4714-B4EE-2B34C9014A87}.Debug|Any CPU.Build.0 = Debug|Any CPU
		{3ADB8CC2-BD8E-4714-B4EE-2B34C9014A87}.Release|Any CPU.ActiveCfg = Release|Any CPU
		{3ADB8CC2-BD8E-4714-B4EE-2B34C9014A87}.Release|Any CPU.Build.0 = Release|Any CPU
		{D3F98D82-48FC-48FC-9CF5-CFA349E496FC}.Debug|Any CPU.ActiveCfg = Debug|Any CPU
		{D3F98D82-48FC-48FC-9CF5-CFA349E496FC}.Debug|Any CPU.Build.0 = Debug|Any CPU
		{D3F98D82-48FC-48FC-9CF5-CFA349E496FC}.Release|Any CPU.ActiveCfg = Release|Any CPU
		{D3F98D82-48FC-48FC-9CF5-CFA349E496FC}.Release|Any CPU.Build.0 = Release|Any CPU
		{6C6797B4-8CD1-45B5-84E9-DA58734BD868}.Debug|Any CPU.ActiveCfg = Debug|Any CPU
		{6C6797B4-8CD1-45B5-84E9-DA58734BD868}.Debug|Any CPU.Build.0 = Debug|Any CPU
		{6C6797B4-8CD1-45B5-84E9-DA58734BD868}.Release|Any CPU.ActiveCfg = Release|Any CPU
		{6C6797B4-8CD1-45B5-84E9-DA58734BD868}.Release|Any CPU.Build.0 = Release|Any CPU
		{C3DDF1FF-576A-4047-8788-1DDBE2095DF8}.Debug|Any CPU.ActiveCfg = Debug|Any CPU
		{C3DDF1FF-576A-4047-8788-1DDBE2095DF8}.Debug|Any CPU.Build.0 = Debug|Any CPU
		{C3DDF1FF-576A-4047-8788-1DDBE2095DF8}.Release|Any CPU.ActiveCfg = Release|Any CPU
		{C3DDF1FF-576A-4047-8788-1DDBE2095DF8}.Release|Any CPU.Build.0 = Release|Any CPU
		{6B699855-1121-4AB6-9300-CB7E3C3218D1}.Debug|Any CPU.ActiveCfg = Debug|Any CPU
		{6B699855-1121-4AB6-9300-CB7E3C3218D1}.Debug|Any CPU.Build.0 = Debug|Any CPU
		{6B699855-1121-4AB6-9300-CB7E3C3218D1}.Release|Any CPU.ActiveCfg = Release|Any CPU
		{6B699855-1121-4AB6-9300-CB7E3C3218D1}.Release|Any CPU.Build.0 = Release|Any CPU
		{8C884246-D4C6-49A4-8E5D-04E7456F34B3}.Debug|Any CPU.ActiveCfg = Debug|Any CPU
		{8C884246-D4C6-49A4-8E5D-04E7456F34B3}.Debug|Any CPU.Build.0 = Debug|Any CPU
		{8C884246-D4C6-49A4-8E5D-04E7456F34B3}.Release|Any CPU.ActiveCfg = Release|Any CPU
		{8C884246-D4C6-49A4-8E5D-04E7456F34B3}.Release|Any CPU.Build.0 = Release|Any CPU
		{7A7D40F6-BD22-48A5-AF17-DFFFEF56F31E}.Debug|Any CPU.ActiveCfg = Debug|Any CPU
		{7A7D40F6-BD22-48A5-AF17-DFFFEF56F31E}.Debug|Any CPU.Build.0 = Debug|Any CPU
		{7A7D40F6-BD22-48A5-AF17-DFFFEF56F31E}.Release|Any CPU.ActiveCfg = Release|Any CPU
		{7A7D40F6-BD22-48A5-AF17-DFFFEF56F31E}.Release|Any CPU.Build.0 = Release|Any CPU
		{14A30A41-BAD4-4590-9337-522D5C30FC74}.Debug|Any CPU.ActiveCfg = Debug|Any CPU
		{14A30A41-BAD4-4590-9337-522D5C30FC74}.Debug|Any CPU.Build.0 = Debug|Any CPU
		{14A30A41-BAD4-4590-9337-522D5C30FC74}.Release|Any CPU.ActiveCfg = Release|Any CPU
		{14A30A41-BAD4-4590-9337-522D5C30FC74}.Release|Any CPU.Build.0 = Release|Any CPU
		{2CE501D9-13A4-488D-80BD-74EFCD1A8770}.Debug|Any CPU.ActiveCfg = Debug|Any CPU
		{2CE501D9-13A4-488D-80BD-74EFCD1A8770}.Debug|Any CPU.Build.0 = Debug|Any CPU
		{2CE501D9-13A4-488D-80BD-74EFCD1A8770}.Release|Any CPU.ActiveCfg = Release|Any CPU
		{2CE501D9-13A4-488D-80BD-74EFCD1A8770}.Release|Any CPU.Build.0 = Release|Any CPU
	EndGlobalSection
	GlobalSection(SolutionProperties) = preSolution
		HideSolutionNode = FALSE
	EndGlobalSection
	GlobalSection(NestedProjects) = preSolution
		{AD0C823E-227F-4CE8-BAA7-892BBAE689BA} = {193701A7-A3F6-420D-9578-E35998E4BFCB}
		{E0EF9340-AEBE-4F5B-B3A9-58E08015C1D4} = {7C862D1A-62BA-4C72-9362-B3B471244978}
		{FE5C4163-12E1-4E37-85F0-4E382CD9CFBB} = {7C862D1A-62BA-4C72-9362-B3B471244978}
		{BBBCE434-7E12-4439-8241-3010BA8A69DF} = {22B166CA-112A-4C54-8E49-95710D9788CA}
		{2B2DF7C2-2FB4-4EE1-BDF0-E2D8600CC72B} = {A5629996-CF4E-44B6-92F3-E8AF58591AF6}
		{20D8E11E-2E26-49AC-91C9-6D9E506674CC} = {A5629996-CF4E-44B6-92F3-E8AF58591AF6}
		{48037C42-7329-4392-85E6-CF77052B845B} = {C5CE3C6F-DE91-4F2C-86F7-2C7EA3C1E14D}
		{5B74C0C1-5849-42F4-B11B-6C1A7A118A45} = {C5CE3C6F-DE91-4F2C-86F7-2C7EA3C1E14D}
		{39CF7165-E408-4AED-B180-43C0E060E501} = {AB503B40-B964-4F4A-86C6-BED40636268C}
		{1B143F35-9237-4702-9F99-BDB13701FEED} = {AB503B40-B964-4F4A-86C6-BED40636268C}
		{F685EBEB-43A3-412F-AED9-1B16479C5E85} = {126D2F71-3832-4C79-A1C8-74359D60CF4E}
		{3ADB8CC2-BD8E-4714-B4EE-2B34C9014A87} = {126D2F71-3832-4C79-A1C8-74359D60CF4E}
		{D3F98D82-48FC-48FC-9CF5-CFA349E496FC} = {1DBFB80F-F026-4B37-A3A4-65DD900C94A8}
		{6C6797B4-8CD1-45B5-84E9-DA58734BD868} = {1DBFB80F-F026-4B37-A3A4-65DD900C94A8}
		{C3DDF1FF-576A-4047-8788-1DDBE2095DF8} = {71A9C79D-0382-46AA-BBF2-C20910EA88C2}
		{6B699855-1121-4AB6-9300-CB7E3C3218D1} = {71A9C79D-0382-46AA-BBF2-C20910EA88C2}
		{8C884246-D4C6-49A4-8E5D-04E7456F34B3} = {325BB483-03A5-449E-985C-B9389AF0A5E0}
		{7A7D40F6-BD22-48A5-AF17-DFFFEF56F31E} = {325BB483-03A5-449E-985C-B9389AF0A5E0}
		{14A30A41-BAD4-4590-9337-522D5C30FC74} = {03E24EFA-0FB3-46A0-9E56-FF60256BD69E}
		{2CE501D9-13A4-488D-80BD-74EFCD1A8770} = {03E24EFA-0FB3-46A0-9E56-FF60256BD69E}
	EndGlobalSection
	GlobalSection(ExtensibilityGlobals) = postSolution
		SolutionGuid = {36ACF107-4F74-41D0-BF27-E57624FC17A5}
	EndGlobalSection
EndGlobal
