
Microsoft Visual Studio Solution File, Format Version 12.00
# Visual Studio Version 17
VisualStudioVersion = 17.7.34202.233
MinimumVisualStudioVersion = 10.0.40219.1
Project("{9A19103F-16F7-4668-BE54-9A1E7A4F7556}") = "Red.Death.Client", "Red.Death\Client\Red.Death.Client.csproj", "{AD0C823E-227F-4CE8-BAA7-892BBAE689BA}"
EndProject
Project("{9A19103F-16F7-4668-BE54-9A1E7A4F7556}") = "Red.DeleteVehicle.Client", "Red.DeleteVehicle\Client\Red.DeleteVehicle.Client.csproj", "{E0EF9340-AEBE-4F5B-B3A9-58E08015C1D4}"
EndProject
Project("{2150E333-8FDC-42A3-9474-1A3956D46DE8}") = "Death", "Death", "{193701A7-A3F6-420D-9578-E35998E4BFCB}"
EndProject
Project("{2150E333-8FDC-42A3-9474-1A3956D46DE8}") = "DeleteVehicle", "DeleteVehicle", "{7C862D1A-62BA-4C72-9362-B3B471244978}"
EndProject
Project("{2150E333-8FDC-42A3-9474-1A3956D46DE8}") = "Anchor", "Anchor", "{22B166CA-112A-4C54-8E49-95710D9788CA}"
EndProject
Project("{9A19103F-16F7-4668-BE54-9A1E7A4F7556}") = "Red.DeleteVehicle.Server", "Red.DeleteVehicle\Server\Red.DeleteVehicle.Server.csproj", "{FE5C4163-12E1-4E37-85F0-4E382CD9CFBB}"
EndProject
Project("{9A19103F-16F7-4668-BE54-9A1E7A4F7556}") = "Red.Anchor.Client", "Red.Anchor\Client\Red.Anchor.Client.csproj", "{BBBCE434-7E12-4439-8241-3010BA8A69DF}"
EndProject
Project("{2150E333-8FDC-42A3-9474-1A3956D46DE8}") = "Grab", "Grab", "{C5CE3C6F-DE91-4F2C-86F7-2C7EA3C1E14D}"
EndProject
Project("{2150E333-8FDC-42A3-9474-1A3956D46DE8}") = "Cuff", "Cuff", "{A5629996-CF4E-44B6-92F3-E8AF58591AF6}"
EndProject
Project("{9A19103F-16F7-4668-BE54-9A1E7A4F7556}") = "Red.Cuff.Client", "Red.Cuff\Client\Red.Cuff.Client.csproj", "{2B2DF7C2-2FB4-4EE1-BDF0-E2D8600CC72B}"
EndProject
Project("{9A19103F-16F7-4668-BE54-9A1E7A4F7556}") = "Red.Cuff.Server", "Red.Cuff\Server\Red.Cuff.Server.csproj", "{20D8E11E-2E26-49AC-91C9-6D9E506674CC}"
EndProject
Project("{9A19103F-16F7-4668-BE54-9A1E7A4F7556}") = "Red.Grab.Client", "Red.Grab\Client\Red.Grab.Client.csproj", "{48037C42-7329-4392-85E6-CF77052B845B}"
EndProject
Project("{9A19103F-16F7-4668-BE54-9A1E7A4F7556}") = "Red.Grab.Server", "Red.Grab\Server\Red.Grab.Server.csproj", "{5B74C0C1-5849-42F4-B11B-6C1A7A118A45}"
EndProject
Project("{2150E333-8FDC-42A3-9474-1A3956D46DE8}") = "Breathalyzer", "Breathalyzer", "{AB503B40-B964-4F4A-86C6-BED40636268C}"
EndProject
Project("{2150E333-8FDC-42A3-9474-1A3956D46DE8}") = "GsrTest", "GsrTest", "{126D2F71-3832-4C79-A1C8-74359D60CF4E}"
EndProject
Project("{2150E333-8FDC-42A3-9474-1A3956D46DE8}") = "Holster", "Holster", "{1DBFB80F-F026-4B37-A3A4-65DD900C94A8}"
EndProject
Project("{9A19103F-16F7-4668-BE54-9A1E7A4F7556}") = "Red.Breathalyzer.Client", "Red.Breathalyzer\Client\Red.Breathalyzer.Client.csproj", "{39CF7165-E408-4AED-B180-43C0E060E501}"
EndProject
Project("{9A19103F-16F7-4668-BE54-9A1E7A4F7556}") = "Red.Breathalyzer.Server", "Red.Breathalyzer\Server\Red.Breathalyzer.Server.csproj", "{1B143F35-9237-4702-9F99-BDB13701FEED}"
EndProject
Project("{9A19103F-16F7-4668-BE54-9A1E7A4F7556}") = "Red.GsrTest.Server", "Red.GsrTest\Server\Red.GsrTest.Server.csproj", "{F685EBEB-43A3-412F-AED9-1B16479C5E85}"
EndProject
Project("{9A19103F-16F7-4668-BE54-9A1E7A4F7556}") = "Red.GsrTest.Client", "Red.GsrTest\Client\Red.GsrTest.Client.csproj", "{3ADB8CC2-BD8E-4714-B4EE-2B34C9014A87}"
EndProject
Project("{9A19103F-16F7-4668-BE54-9A1E7A4F7556}") = "Red.Holster.Client", "Red.Holster\Client\Red.Holster.Client.csproj", "{D3F98D82-48FC-48FC-9CF5-CFA349E496FC}"
EndProject
Project("{2150E333-8FDC-42A3-9474-1A3956D46DE8}") = "Common", "Common", "{03E24EFA-0FB3-46A0-9E56-FF60256BD69E}"
EndProject
Project("{9A19103F-16F7-4668-BE54-9A1E7A4F7556}") = "Red.Common.Client", "Red.Common\Client\Red.Common.Client.csproj", "{14A30A41-BAD4-4590-9337-522D5C30FC74}"
EndProject
Project("{9A19103F-16F7-4668-BE54-9A1E7A4F7556}") = "Red.Common.Server", "Red.Common\Server\Red.Common.Server.csproj", "{2CE501D9-13A4-488D-80BD-74EFCD1A8770}"
EndProject
Project("{2150E333-8FDC-42A3-9474-1A3956D46DE8}") = "VehicleControl", "VehicleControl", "{C75BD4E8-75C7-48AE-A118-461FD1407A56}"
EndProject
Project("{9A19103F-16F7-4668-BE54-9A1E7A4F7556}") = "Red.VehicleControl.Client", "Red.VehicleControl\Client\Red.VehicleControl.Client.csproj", "{71155CF7-6E70-4B2D-B2D0-88F96AF3C8EE}"
EndProject
Project("{9A19103F-16F7-4668-BE54-9A1E7A4F7556}") = "Red.VehicleControl.Server", "Red.VehicleControl\Server\Red.VehicleControl.Server.csproj", "{2C8EAC78-54F6-41EC-ACBF-0D1D690307D2}"
EndProject
Project("{2150E333-8FDC-42A3-9474-1A3956D46DE8}") = "CalmAI", "CalmAI", "{FEC78644-85B3-401E-B328-B6E84D173F80}"
EndProject
Project("{9A19103F-16F7-4668-BE54-9A1E7A4F7556}") = "Red.CalmAI.Client", "Red.CalmAI\Client\Red.CalmAI.Client.csproj", "{5414F604-6B54-4673-B9E7-BE6BBCC508C0}"
EndProject
Project("{2150E333-8FDC-42A3-9474-1A3956D46DE8}") = "WeaponControl", "WeaponControl", "{102D2E6A-4DF9-4D43-84CE-B5F9856816B7}"
EndProject
Project("{9A19103F-16F7-4668-BE54-9A1E7A4F7556}") = "Red.WeaponControl.Client", "Red.WeaponControl\Client\Red.WeaponControl.Client.csproj", "{04D5C1D3-C539-4596-9DD6-54D530BDDBCF}"
EndProject
Project("{2150E333-8FDC-42A3-9474-1A3956D46DE8}") = "InteractionMenu", "InteractionMenu", "{629A6C3D-129F-4F96-B855-821231767E8D}"
EndProject
Project("{9A19103F-16F7-4668-BE54-9A1E7A4F7556}") = "Red.InteractionMenu.Client", "Red.InteractionMenu\Client\Red.InteractionMenu.Client.csproj", "{E80DEF40-715C-419A-9F37-E2657A9D1093}"
EndProject
Project("{9A19103F-16F7-4668-BE54-9A1E7A4F7556}") = "Red.InteractionMenu.Server", "Red.InteractionMenu\Server\Red.InteractionMenu.Server.csproj", "{8A888D35-F15A-4A08-AE25-B97BE608F082}"
EndProject
Project("{2150E333-8FDC-42A3-9474-1A3956D46DE8}") = "SpikeStrips", "SpikeStrips", "{88FC1817-67B6-4EE1-A84E-1175F6F28DDA}"
EndProject
Project("{9A19103F-16F7-4668-BE54-9A1E7A4F7556}") = "Red.SpikeStrips.Client", "Red.SpikeStrips\Client\Red.SpikeStrips.Client.csproj", "{8A98CB24-39F3-40BB-A5A1-3AE334BE9F67}"
EndProject
Project("{9A19103F-16F7-4668-BE54-9A1E7A4F7556}") = "Red.SpikeStrips.Server", "Red.SpikeStrips\Server\Red.SpikeStrips.Server.csproj", "{377DF8FB-96AC-4BB7-A8FF-C94D1C56FA90}"
EndProject
Project("{2150E333-8FDC-42A3-9474-1A3956D46DE8}") = "Framework", "Framework", "{AF637F5D-4196-4D8C-A2A0-EE2BEDD6F12F}"
EndProject
Project("{9A19103F-16F7-4668-BE54-9A1E7A4F7556}") = "Red.Framework.Client", "Red.Framework\Client\Red.Framework.Client.csproj", "{2064C250-CF98-46A2-9EA0-A272B7CB2EA2}"
EndProject
Project("{9A19103F-16F7-4668-BE54-9A1E7A4F7556}") = "Red.Framework.Server", "Red.Framework\Server\Red.Framework.Server.csproj", "{FC423B4D-D1EC-4E45-975D-B8D00DD8C479}"
EndProject
Project("{2150E333-8FDC-42A3-9474-1A3956D46DE8}") = "OpenInteriors", "OpenInteriors", "{8EF0597C-0D15-481D-B6BB-A8C1AE576A4B}"
EndProject
Project("{9A19103F-16F7-4668-BE54-9A1E7A4F7556}") = "Red.OpenInteriors.Client", "Red.OpenInteriors\Client\Red.OpenInteriors.Client.csproj", "{DBC12B0D-5DCF-4EB8-A5A5-AC2AD3711040}"
EndProject
Global
	GlobalSection(SolutionConfigurationPlatforms) = preSolution
		Debug|Any CPU = Debug|Any CPU
		Debug|Win32 = Debug|Win32
		Debug|x64 = Debug|x64
		Debug|x86 = Debug|x86
		Release|Any CPU = Release|Any CPU
		Release|Win32 = Release|Win32
		Release|x64 = Release|x64
		Release|x86 = Release|x86
	EndGlobalSection
	GlobalSection(ProjectConfigurationPlatforms) = postSolution
		{AD0C823E-227F-4CE8-BAA7-892BBAE689BA}.Debug|Any CPU.ActiveCfg = Debug|Any CPU
		{AD0C823E-227F-4CE8-BAA7-892BBAE689BA}.Debug|Any CPU.Build.0 = Debug|Any CPU
		{AD0C823E-227F-4CE8-BAA7-892BBAE689BA}.Debug|Win32.ActiveCfg = Debug|Any CPU
		{AD0C823E-227F-4CE8-BAA7-892BBAE689BA}.Debug|Win32.Build.0 = Debug|Any CPU
		{AD0C823E-227F-4CE8-BAA7-892BBAE689BA}.Debug|x64.ActiveCfg = Debug|Any CPU
		{AD0C823E-227F-4CE8-BAA7-892BBAE689BA}.Debug|x64.Build.0 = Debug|Any CPU
		{AD0C823E-227F-4CE8-BAA7-892BBAE689BA}.Debug|x86.ActiveCfg = Debug|Any CPU
		{AD0C823E-227F-4CE8-BAA7-892BBAE689BA}.Debug|x86.Build.0 = Debug|Any CPU
		{AD0C823E-227F-4CE8-BAA7-892BBAE689BA}.Release|Any CPU.ActiveCfg = Release|Any CPU
		{AD0C823E-227F-4CE8-BAA7-892BBAE689BA}.Release|Any CPU.Build.0 = Release|Any CPU
		{AD0C823E-227F-4CE8-BAA7-892BBAE689BA}.Release|Win32.ActiveCfg = Release|Any CPU
		{AD0C823E-227F-4CE8-BAA7-892BBAE689BA}.Release|Win32.Build.0 = Release|Any CPU
		{AD0C823E-227F-4CE8-BAA7-892BBAE689BA}.Release|x64.ActiveCfg = Release|Any CPU
		{AD0C823E-227F-4CE8-BAA7-892BBAE689BA}.Release|x64.Build.0 = Release|Any CPU
		{AD0C823E-227F-4CE8-BAA7-892BBAE689BA}.Release|x86.ActiveCfg = Release|Any CPU
		{AD0C823E-227F-4CE8-BAA7-892BBAE689BA}.Release|x86.Build.0 = Release|Any CPU
		{E0EF9340-AEBE-4F5B-B3A9-58E08015C1D4}.Debug|Any CPU.ActiveCfg = Debug|Any CPU
		{E0EF9340-AEBE-4F5B-B3A9-58E08015C1D4}.Debug|Any CPU.Build.0 = Debug|Any CPU
		{E0EF9340-AEBE-4F5B-B3A9-58E08015C1D4}.Debug|Win32.ActiveCfg = Debug|Any CPU
		{E0EF9340-AEBE-4F5B-B3A9-58E08015C1D4}.Debug|Win32.Build.0 = Debug|Any CPU
		{E0EF9340-AEBE-4F5B-B3A9-58E08015C1D4}.Debug|x64.ActiveCfg = Debug|Any CPU
		{E0EF9340-AEBE-4F5B-B3A9-58E08015C1D4}.Debug|x64.Build.0 = Debug|Any CPU
		{E0EF9340-AEBE-4F5B-B3A9-58E08015C1D4}.Debug|x86.ActiveCfg = Debug|Any CPU
		{E0EF9340-AEBE-4F5B-B3A9-58E08015C1D4}.Debug|x86.Build.0 = Debug|Any CPU
		{E0EF9340-AEBE-4F5B-B3A9-58E08015C1D4}.Release|Any CPU.ActiveCfg = Release|Any CPU
		{E0EF9340-AEBE-4F5B-B3A9-58E08015C1D4}.Release|Any CPU.Build.0 = Release|Any CPU
		{E0EF9340-AEBE-4F5B-B3A9-58E08015C1D4}.Release|Win32.ActiveCfg = Release|Any CPU
		{E0EF9340-AEBE-4F5B-B3A9-58E08015C1D4}.Release|Win32.Build.0 = Release|Any CPU
		{E0EF9340-AEBE-4F5B-B3A9-58E08015C1D4}.Release|x64.ActiveCfg = Release|Any CPU
		{E0EF9340-AEBE-4F5B-B3A9-58E08015C1D4}.Release|x64.Build.0 = Release|Any CPU
		{E0EF9340-AEBE-4F5B-B3A9-58E08015C1D4}.Release|x86.ActiveCfg = Release|Any CPU
		{E0EF9340-AEBE-4F5B-B3A9-58E08015C1D4}.Release|x86.Build.0 = Release|Any CPU
		{FE5C4163-12E1-4E37-85F0-4E382CD9CFBB}.Debug|Any CPU.ActiveCfg = Debug|Any CPU
		{FE5C4163-12E1-4E37-85F0-4E382CD9CFBB}.Debug|Any CPU.Build.0 = Debug|Any CPU
		{FE5C4163-12E1-4E37-85F0-4E382CD9CFBB}.Debug|Win32.ActiveCfg = Debug|Any CPU
		{FE5C4163-12E1-4E37-85F0-4E382CD9CFBB}.Debug|Win32.Build.0 = Debug|Any CPU
		{FE5C4163-12E1-4E37-85F0-4E382CD9CFBB}.Debug|x64.ActiveCfg = Debug|Any CPU
		{FE5C4163-12E1-4E37-85F0-4E382CD9CFBB}.Debug|x64.Build.0 = Debug|Any CPU
		{FE5C4163-12E1-4E37-85F0-4E382CD9CFBB}.Debug|x86.ActiveCfg = Debug|Any CPU
		{FE5C4163-12E1-4E37-85F0-4E382CD9CFBB}.Debug|x86.Build.0 = Debug|Any CPU
		{FE5C4163-12E1-4E37-85F0-4E382CD9CFBB}.Release|Any CPU.ActiveCfg = Release|Any CPU
		{FE5C4163-12E1-4E37-85F0-4E382CD9CFBB}.Release|Any CPU.Build.0 = Release|Any CPU
		{FE5C4163-12E1-4E37-85F0-4E382CD9CFBB}.Release|Win32.ActiveCfg = Release|Any CPU
		{FE5C4163-12E1-4E37-85F0-4E382CD9CFBB}.Release|Win32.Build.0 = Release|Any CPU
		{FE5C4163-12E1-4E37-85F0-4E382CD9CFBB}.Release|x64.ActiveCfg = Release|Any CPU
		{FE5C4163-12E1-4E37-85F0-4E382CD9CFBB}.Release|x64.Build.0 = Release|Any CPU
		{FE5C4163-12E1-4E37-85F0-4E382CD9CFBB}.Release|x86.ActiveCfg = Release|Any CPU
		{FE5C4163-12E1-4E37-85F0-4E382CD9CFBB}.Release|x86.Build.0 = Release|Any CPU
		{BBBCE434-7E12-4439-8241-3010BA8A69DF}.Debug|Any CPU.ActiveCfg = Debug|Any CPU
		{BBBCE434-7E12-4439-8241-3010BA8A69DF}.Debug|Any CPU.Build.0 = Debug|Any CPU
		{BBBCE434-7E12-4439-8241-3010BA8A69DF}.Debug|Win32.ActiveCfg = Debug|Any CPU
		{BBBCE434-7E12-4439-8241-3010BA8A69DF}.Debug|Win32.Build.0 = Debug|Any CPU
		{BBBCE434-7E12-4439-8241-3010BA8A69DF}.Debug|x64.ActiveCfg = Debug|Any CPU
		{BBBCE434-7E12-4439-8241-3010BA8A69DF}.Debug|x64.Build.0 = Debug|Any CPU
		{BBBCE434-7E12-4439-8241-3010BA8A69DF}.Debug|x86.ActiveCfg = Debug|Any CPU
		{BBBCE434-7E12-4439-8241-3010BA8A69DF}.Debug|x86.Build.0 = Debug|Any CPU
		{BBBCE434-7E12-4439-8241-3010BA8A69DF}.Release|Any CPU.ActiveCfg = Release|Any CPU
		{BBBCE434-7E12-4439-8241-3010BA8A69DF}.Release|Any CPU.Build.0 = Release|Any CPU
		{BBBCE434-7E12-4439-8241-3010BA8A69DF}.Release|Win32.ActiveCfg = Release|Any CPU
		{BBBCE434-7E12-4439-8241-3010BA8A69DF}.Release|Win32.Build.0 = Release|Any CPU
		{BBBCE434-7E12-4439-8241-3010BA8A69DF}.Release|x64.ActiveCfg = Release|Any CPU
		{BBBCE434-7E12-4439-8241-3010BA8A69DF}.Release|x64.Build.0 = Release|Any CPU
		{BBBCE434-7E12-4439-8241-3010BA8A69DF}.Release|x86.ActiveCfg = Release|Any CPU
		{BBBCE434-7E12-4439-8241-3010BA8A69DF}.Release|x86.Build.0 = Release|Any CPU
		{2B2DF7C2-2FB4-4EE1-BDF0-E2D8600CC72B}.Debug|Any CPU.ActiveCfg = Debug|Any CPU
		{2B2DF7C2-2FB4-4EE1-BDF0-E2D8600CC72B}.Debug|Any CPU.Build.0 = Debug|Any CPU
		{2B2DF7C2-2FB4-4EE1-BDF0-E2D8600CC72B}.Debug|Win32.ActiveCfg = Debug|Any CPU
		{2B2DF7C2-2FB4-4EE1-BDF0-E2D8600CC72B}.Debug|Win32.Build.0 = Debug|Any CPU
		{2B2DF7C2-2FB4-4EE1-BDF0-E2D8600CC72B}.Debug|x64.ActiveCfg = Debug|Any CPU
		{2B2DF7C2-2FB4-4EE1-BDF0-E2D8600CC72B}.Debug|x64.Build.0 = Debug|Any CPU
		{2B2DF7C2-2FB4-4EE1-BDF0-E2D8600CC72B}.Debug|x86.ActiveCfg = Debug|Any CPU
		{2B2DF7C2-2FB4-4EE1-BDF0-E2D8600CC72B}.Debug|x86.Build.0 = Debug|Any CPU
		{2B2DF7C2-2FB4-4EE1-BDF0-E2D8600CC72B}.Release|Any CPU.ActiveCfg = Release|Any CPU
		{2B2DF7C2-2FB4-4EE1-BDF0-E2D8600CC72B}.Release|Any CPU.Build.0 = Release|Any CPU
		{2B2DF7C2-2FB4-4EE1-BDF0-E2D8600CC72B}.Release|Win32.ActiveCfg = Release|Any CPU
		{2B2DF7C2-2FB4-4EE1-BDF0-E2D8600CC72B}.Release|Win32.Build.0 = Release|Any CPU
		{2B2DF7C2-2FB4-4EE1-BDF0-E2D8600CC72B}.Release|x64.ActiveCfg = Release|Any CPU
		{2B2DF7C2-2FB4-4EE1-BDF0-E2D8600CC72B}.Release|x64.Build.0 = Release|Any CPU
		{2B2DF7C2-2FB4-4EE1-BDF0-E2D8600CC72B}.Release|x86.ActiveCfg = Release|Any CPU
		{2B2DF7C2-2FB4-4EE1-BDF0-E2D8600CC72B}.Release|x86.Build.0 = Release|Any CPU
		{20D8E11E-2E26-49AC-91C9-6D9E506674CC}.Debug|Any CPU.ActiveCfg = Debug|Any CPU
		{20D8E11E-2E26-49AC-91C9-6D9E506674CC}.Debug|Any CPU.Build.0 = Debug|Any CPU
		{20D8E11E-2E26-49AC-91C9-6D9E506674CC}.Debug|Win32.ActiveCfg = Debug|Any CPU
		{20D8E11E-2E26-49AC-91C9-6D9E506674CC}.Debug|Win32.Build.0 = Debug|Any CPU
		{20D8E11E-2E26-49AC-91C9-6D9E506674CC}.Debug|x64.ActiveCfg = Debug|Any CPU
		{20D8E11E-2E26-49AC-91C9-6D9E506674CC}.Debug|x64.Build.0 = Debug|Any CPU
		{20D8E11E-2E26-49AC-91C9-6D9E506674CC}.Debug|x86.ActiveCfg = Debug|Any CPU
		{20D8E11E-2E26-49AC-91C9-6D9E506674CC}.Debug|x86.Build.0 = Debug|Any CPU
		{20D8E11E-2E26-49AC-91C9-6D9E506674CC}.Release|Any CPU.ActiveCfg = Release|Any CPU
		{20D8E11E-2E26-49AC-91C9-6D9E506674CC}.Release|Any CPU.Build.0 = Release|Any CPU
		{20D8E11E-2E26-49AC-91C9-6D9E506674CC}.Release|Win32.ActiveCfg = Release|Any CPU
		{20D8E11E-2E26-49AC-91C9-6D9E506674CC}.Release|Win32.Build.0 = Release|Any CPU
		{20D8E11E-2E26-49AC-91C9-6D9E506674CC}.Release|x64.ActiveCfg = Release|Any CPU
		{20D8E11E-2E26-49AC-91C9-6D9E506674CC}.Release|x64.Build.0 = Release|Any CPU
		{20D8E11E-2E26-49AC-91C9-6D9E506674CC}.Release|x86.ActiveCfg = Release|Any CPU
		{20D8E11E-2E26-49AC-91C9-6D9E506674CC}.Release|x86.Build.0 = Release|Any CPU
		{48037C42-7329-4392-85E6-CF77052B845B}.Debug|Any CPU.ActiveCfg = Debug|Any CPU
		{48037C42-7329-4392-85E6-CF77052B845B}.Debug|Any CPU.Build.0 = Debug|Any CPU
		{48037C42-7329-4392-85E6-CF77052B845B}.Debug|Win32.ActiveCfg = Debug|Any CPU
		{48037C42-7329-4392-85E6-CF77052B845B}.Debug|Win32.Build.0 = Debug|Any CPU
		{48037C42-7329-4392-85E6-CF77052B845B}.Debug|x64.ActiveCfg = Debug|Any CPU
		{48037C42-7329-4392-85E6-CF77052B845B}.Debug|x64.Build.0 = Debug|Any CPU
		{48037C42-7329-4392-85E6-CF77052B845B}.Debug|x86.ActiveCfg = Debug|Any CPU
		{48037C42-7329-4392-85E6-CF77052B845B}.Debug|x86.Build.0 = Debug|Any CPU
		{48037C42-7329-4392-85E6-CF77052B845B}.Release|Any CPU.ActiveCfg = Release|Any CPU
		{48037C42-7329-4392-85E6-CF77052B845B}.Release|Any CPU.Build.0 = Release|Any CPU
		{48037C42-7329-4392-85E6-CF77052B845B}.Release|Win32.ActiveCfg = Release|Any CPU
		{48037C42-7329-4392-85E6-CF77052B845B}.Release|Win32.Build.0 = Release|Any CPU
		{48037C42-7329-4392-85E6-CF77052B845B}.Release|x64.ActiveCfg = Release|Any CPU
		{48037C42-7329-4392-85E6-CF77052B845B}.Release|x64.Build.0 = Release|Any CPU
		{48037C42-7329-4392-85E6-CF77052B845B}.Release|x86.ActiveCfg = Release|Any CPU
		{48037C42-7329-4392-85E6-CF77052B845B}.Release|x86.Build.0 = Release|Any CPU
		{5B74C0C1-5849-42F4-B11B-6C1A7A118A45}.Debug|Any CPU.ActiveCfg = Debug|Any CPU
		{5B74C0C1-5849-42F4-B11B-6C1A7A118A45}.Debug|Any CPU.Build.0 = Debug|Any CPU
		{5B74C0C1-5849-42F4-B11B-6C1A7A118A45}.Debug|Win32.ActiveCfg = Debug|Any CPU
		{5B74C0C1-5849-42F4-B11B-6C1A7A118A45}.Debug|Win32.Build.0 = Debug|Any CPU
		{5B74C0C1-5849-42F4-B11B-6C1A7A118A45}.Debug|x64.ActiveCfg = Debug|Any CPU
		{5B74C0C1-5849-42F4-B11B-6C1A7A118A45}.Debug|x64.Build.0 = Debug|Any CPU
		{5B74C0C1-5849-42F4-B11B-6C1A7A118A45}.Debug|x86.ActiveCfg = Debug|Any CPU
		{5B74C0C1-5849-42F4-B11B-6C1A7A118A45}.Debug|x86.Build.0 = Debug|Any CPU
		{5B74C0C1-5849-42F4-B11B-6C1A7A118A45}.Release|Any CPU.ActiveCfg = Release|Any CPU
		{5B74C0C1-5849-42F4-B11B-6C1A7A118A45}.Release|Any CPU.Build.0 = Release|Any CPU
		{5B74C0C1-5849-42F4-B11B-6C1A7A118A45}.Release|Win32.ActiveCfg = Release|Any CPU
		{5B74C0C1-5849-42F4-B11B-6C1A7A118A45}.Release|Win32.Build.0 = Release|Any CPU
		{5B74C0C1-5849-42F4-B11B-6C1A7A118A45}.Release|x64.ActiveCfg = Release|Any CPU
		{5B74C0C1-5849-42F4-B11B-6C1A7A118A45}.Release|x64.Build.0 = Release|Any CPU
		{5B74C0C1-5849-42F4-B11B-6C1A7A118A45}.Release|x86.ActiveCfg = Release|Any CPU
		{5B74C0C1-5849-42F4-B11B-6C1A7A118A45}.Release|x86.Build.0 = Release|Any CPU
		{39CF7165-E408-4AED-B180-43C0E060E501}.Debug|Any CPU.ActiveCfg = Debug|Any CPU
		{39CF7165-E408-4AED-B180-43C0E060E501}.Debug|Any CPU.Build.0 = Debug|Any CPU
		{39CF7165-E408-4AED-B180-43C0E060E501}.Debug|Win32.ActiveCfg = Debug|Any CPU
		{39CF7165-E408-4AED-B180-43C0E060E501}.Debug|Win32.Build.0 = Debug|Any CPU
		{39CF7165-E408-4AED-B180-43C0E060E501}.Debug|x64.ActiveCfg = Debug|Any CPU
		{39CF7165-E408-4AED-B180-43C0E060E501}.Debug|x64.Build.0 = Debug|Any CPU
		{39CF7165-E408-4AED-B180-43C0E060E501}.Debug|x86.ActiveCfg = Debug|Any CPU
		{39CF7165-E408-4AED-B180-43C0E060E501}.Debug|x86.Build.0 = Debug|Any CPU
		{39CF7165-E408-4AED-B180-43C0E060E501}.Release|Any CPU.ActiveCfg = Release|Any CPU
		{39CF7165-E408-4AED-B180-43C0E060E501}.Release|Any CPU.Build.0 = Release|Any CPU
		{39CF7165-E408-4AED-B180-43C0E060E501}.Release|Win32.ActiveCfg = Release|Any CPU
		{39CF7165-E408-4AED-B180-43C0E060E501}.Release|Win32.Build.0 = Release|Any CPU
		{39CF7165-E408-4AED-B180-43C0E060E501}.Release|x64.ActiveCfg = Release|Any CPU
		{39CF7165-E408-4AED-B180-43C0E060E501}.Release|x64.Build.0 = Release|Any CPU
		{39CF7165-E408-4AED-B180-43C0E060E501}.Release|x86.ActiveCfg = Release|Any CPU
		{39CF7165-E408-4AED-B180-43C0E060E501}.Release|x86.Build.0 = Release|Any CPU
		{1B143F35-9237-4702-9F99-BDB13701FEED}.Debug|Any CPU.ActiveCfg = Debug|Any CPU
		{1B143F35-9237-4702-9F99-BDB13701FEED}.Debug|Any CPU.Build.0 = Debug|Any CPU
		{1B143F35-9237-4702-9F99-BDB13701FEED}.Debug|Win32.ActiveCfg = Debug|Any CPU
		{1B143F35-9237-4702-9F99-BDB13701FEED}.Debug|Win32.Build.0 = Debug|Any CPU
		{1B143F35-9237-4702-9F99-BDB13701FEED}.Debug|x64.ActiveCfg = Debug|Any CPU
		{1B143F35-9237-4702-9F99-BDB13701FEED}.Debug|x64.Build.0 = Debug|Any CPU
		{1B143F35-9237-4702-9F99-BDB13701FEED}.Debug|x86.ActiveCfg = Debug|Any CPU
		{1B143F35-9237-4702-9F99-BDB13701FEED}.Debug|x86.Build.0 = Debug|Any CPU
		{1B143F35-9237-4702-9F99-BDB13701FEED}.Release|Any CPU.ActiveCfg = Release|Any CPU
		{1B143F35-9237-4702-9F99-BDB13701FEED}.Release|Any CPU.Build.0 = Release|Any CPU
		{1B143F35-9237-4702-9F99-BDB13701FEED}.Release|Win32.ActiveCfg = Release|Any CPU
		{1B143F35-9237-4702-9F99-BDB13701FEED}.Release|Win32.Build.0 = Release|Any CPU
		{1B143F35-9237-4702-9F99-BDB13701FEED}.Release|x64.ActiveCfg = Release|Any CPU
		{1B143F35-9237-4702-9F99-BDB13701FEED}.Release|x64.Build.0 = Release|Any CPU
		{1B143F35-9237-4702-9F99-BDB13701FEED}.Release|x86.ActiveCfg = Release|Any CPU
		{1B143F35-9237-4702-9F99-BDB13701FEED}.Release|x86.Build.0 = Release|Any CPU
		{F685EBEB-43A3-412F-AED9-1B16479C5E85}.Debug|Any CPU.ActiveCfg = Debug|Any CPU
		{F685EBEB-43A3-412F-AED9-1B16479C5E85}.Debug|Any CPU.Build.0 = Debug|Any CPU
		{F685EBEB-43A3-412F-AED9-1B16479C5E85}.Debug|Win32.ActiveCfg = Debug|Any CPU
		{F685EBEB-43A3-412F-AED9-1B16479C5E85}.Debug|Win32.Build.0 = Debug|Any CPU
		{F685EBEB-43A3-412F-AED9-1B16479C5E85}.Debug|x64.ActiveCfg = Debug|Any CPU
		{F685EBEB-43A3-412F-AED9-1B16479C5E85}.Debug|x64.Build.0 = Debug|Any CPU
		{F685EBEB-43A3-412F-AED9-1B16479C5E85}.Debug|x86.ActiveCfg = Debug|Any CPU
		{F685EBEB-43A3-412F-AED9-1B16479C5E85}.Debug|x86.Build.0 = Debug|Any CPU
		{F685EBEB-43A3-412F-AED9-1B16479C5E85}.Release|Any CPU.ActiveCfg = Release|Any CPU
		{F685EBEB-43A3-412F-AED9-1B16479C5E85}.Release|Any CPU.Build.0 = Release|Any CPU
		{F685EBEB-43A3-412F-AED9-1B16479C5E85}.Release|Win32.ActiveCfg = Release|Any CPU
		{F685EBEB-43A3-412F-AED9-1B16479C5E85}.Release|Win32.Build.0 = Release|Any CPU
		{F685EBEB-43A3-412F-AED9-1B16479C5E85}.Release|x64.ActiveCfg = Release|Any CPU
		{F685EBEB-43A3-412F-AED9-1B16479C5E85}.Release|x64.Build.0 = Release|Any CPU
		{F685EBEB-43A3-412F-AED9-1B16479C5E85}.Release|x86.ActiveCfg = Release|Any CPU
		{F685EBEB-43A3-412F-AED9-1B16479C5E85}.Release|x86.Build.0 = Release|Any CPU
		{3ADB8CC2-BD8E-4714-B4EE-2B34C9014A87}.Debug|Any CPU.ActiveCfg = Debug|Any CPU
		{3ADB8CC2-BD8E-4714-B4EE-2B34C9014A87}.Debug|Any CPU.Build.0 = Debug|Any CPU
		{3ADB8CC2-BD8E-4714-B4EE-2B34C9014A87}.Debug|Win32.ActiveCfg = Debug|Any CPU
		{3ADB8CC2-BD8E-4714-B4EE-2B34C9014A87}.Debug|Win32.Build.0 = Debug|Any CPU
		{3ADB8CC2-BD8E-4714-B4EE-2B34C9014A87}.Debug|x64.ActiveCfg = Debug|Any CPU
		{3ADB8CC2-BD8E-4714-B4EE-2B34C9014A87}.Debug|x64.Build.0 = Debug|Any CPU
		{3ADB8CC2-BD8E-4714-B4EE-2B34C9014A87}.Debug|x86.ActiveCfg = Debug|Any CPU
		{3ADB8CC2-BD8E-4714-B4EE-2B34C9014A87}.Debug|x86.Build.0 = Debug|Any CPU
		{3ADB8CC2-BD8E-4714-B4EE-2B34C9014A87}.Release|Any CPU.ActiveCfg = Release|Any CPU
		{3ADB8CC2-BD8E-4714-B4EE-2B34C9014A87}.Release|Any CPU.Build.0 = Release|Any CPU
		{3ADB8CC2-BD8E-4714-B4EE-2B34C9014A87}.Release|Win32.ActiveCfg = Release|Any CPU
		{3ADB8CC2-BD8E-4714-B4EE-2B34C9014A87}.Release|Win32.Build.0 = Release|Any CPU
		{3ADB8CC2-BD8E-4714-B4EE-2B34C9014A87}.Release|x64.ActiveCfg = Release|Any CPU
		{3ADB8CC2-BD8E-4714-B4EE-2B34C9014A87}.Release|x64.Build.0 = Release|Any CPU
		{3ADB8CC2-BD8E-4714-B4EE-2B34C9014A87}.Release|x86.ActiveCfg = Release|Any CPU
		{3ADB8CC2-BD8E-4714-B4EE-2B34C9014A87}.Release|x86.Build.0 = Release|Any CPU
		{D3F98D82-48FC-48FC-9CF5-CFA349E496FC}.Debug|Any CPU.ActiveCfg = Debug|Any CPU
		{D3F98D82-48FC-48FC-9CF5-CFA349E496FC}.Debug|Any CPU.Build.0 = Debug|Any CPU
		{D3F98D82-48FC-48FC-9CF5-CFA349E496FC}.Debug|Win32.ActiveCfg = Debug|Any CPU
		{D3F98D82-48FC-48FC-9CF5-CFA349E496FC}.Debug|Win32.Build.0 = Debug|Any CPU
		{D3F98D82-48FC-48FC-9CF5-CFA349E496FC}.Debug|x64.ActiveCfg = Debug|Any CPU
		{D3F98D82-48FC-48FC-9CF5-CFA349E496FC}.Debug|x64.Build.0 = Debug|Any CPU
		{D3F98D82-48FC-48FC-9CF5-CFA349E496FC}.Debug|x86.ActiveCfg = Debug|Any CPU
		{D3F98D82-48FC-48FC-9CF5-CFA349E496FC}.Debug|x86.Build.0 = Debug|Any CPU
		{D3F98D82-48FC-48FC-9CF5-CFA349E496FC}.Release|Any CPU.ActiveCfg = Release|Any CPU
		{D3F98D82-48FC-48FC-9CF5-CFA349E496FC}.Release|Any CPU.Build.0 = Release|Any CPU
		{D3F98D82-48FC-48FC-9CF5-CFA349E496FC}.Release|Win32.ActiveCfg = Release|Any CPU
		{D3F98D82-48FC-48FC-9CF5-CFA349E496FC}.Release|Win32.Build.0 = Release|Any CPU
		{D3F98D82-48FC-48FC-9CF5-CFA349E496FC}.Release|x64.ActiveCfg = Release|Any CPU
		{D3F98D82-48FC-48FC-9CF5-CFA349E496FC}.Release|x64.Build.0 = Release|Any CPU
		{D3F98D82-48FC-48FC-9CF5-CFA349E496FC}.Release|x86.ActiveCfg = Release|Any CPU
		{D3F98D82-48FC-48FC-9CF5-CFA349E496FC}.Release|x86.Build.0 = Release|Any CPU
		{14A30A41-BAD4-4590-9337-522D5C30FC74}.Debug|Any CPU.ActiveCfg = Debug|Any CPU
		{14A30A41-BAD4-4590-9337-522D5C30FC74}.Debug|Any CPU.Build.0 = Debug|Any CPU
		{14A30A41-BAD4-4590-9337-522D5C30FC74}.Debug|Win32.ActiveCfg = Debug|Any CPU
		{14A30A41-BAD4-4590-9337-522D5C30FC74}.Debug|Win32.Build.0 = Debug|Any CPU
		{14A30A41-BAD4-4590-9337-522D5C30FC74}.Debug|x64.ActiveCfg = Debug|Any CPU
		{14A30A41-BAD4-4590-9337-522D5C30FC74}.Debug|x64.Build.0 = Debug|Any CPU
		{14A30A41-BAD4-4590-9337-522D5C30FC74}.Debug|x86.ActiveCfg = Debug|Any CPU
		{14A30A41-BAD4-4590-9337-522D5C30FC74}.Debug|x86.Build.0 = Debug|Any CPU
		{14A30A41-BAD4-4590-9337-522D5C30FC74}.Release|Any CPU.ActiveCfg = Release|Any CPU
		{14A30A41-BAD4-4590-9337-522D5C30FC74}.Release|Any CPU.Build.0 = Release|Any CPU
		{14A30A41-BAD4-4590-9337-522D5C30FC74}.Release|Win32.ActiveCfg = Release|Any CPU
		{14A30A41-BAD4-4590-9337-522D5C30FC74}.Release|Win32.Build.0 = Release|Any CPU
		{14A30A41-BAD4-4590-9337-522D5C30FC74}.Release|x64.ActiveCfg = Release|Any CPU
		{14A30A41-BAD4-4590-9337-522D5C30FC74}.Release|x64.Build.0 = Release|Any CPU
		{14A30A41-BAD4-4590-9337-522D5C30FC74}.Release|x86.ActiveCfg = Release|Any CPU
		{14A30A41-BAD4-4590-9337-522D5C30FC74}.Release|x86.Build.0 = Release|Any CPU
		{2CE501D9-13A4-488D-80BD-74EFCD1A8770}.Debug|Any CPU.ActiveCfg = Debug|Any CPU
		{2CE501D9-13A4-488D-80BD-74EFCD1A8770}.Debug|Any CPU.Build.0 = Debug|Any CPU
		{2CE501D9-13A4-488D-80BD-74EFCD1A8770}.Debug|Win32.ActiveCfg = Debug|Any CPU
		{2CE501D9-13A4-488D-80BD-74EFCD1A8770}.Debug|Win32.Build.0 = Debug|Any CPU
		{2CE501D9-13A4-488D-80BD-74EFCD1A8770}.Debug|x64.ActiveCfg = Debug|Any CPU
		{2CE501D9-13A4-488D-80BD-74EFCD1A8770}.Debug|x64.Build.0 = Debug|Any CPU
		{2CE501D9-13A4-488D-80BD-74EFCD1A8770}.Debug|x86.ActiveCfg = Debug|Any CPU
		{2CE501D9-13A4-488D-80BD-74EFCD1A8770}.Debug|x86.Build.0 = Debug|Any CPU
		{2CE501D9-13A4-488D-80BD-74EFCD1A8770}.Release|Any CPU.ActiveCfg = Release|Any CPU
		{2CE501D9-13A4-488D-80BD-74EFCD1A8770}.Release|Any CPU.Build.0 = Release|Any CPU
		{2CE501D9-13A4-488D-80BD-74EFCD1A8770}.Release|Win32.ActiveCfg = Release|Any CPU
		{2CE501D9-13A4-488D-80BD-74EFCD1A8770}.Release|Win32.Build.0 = Release|Any CPU
		{2CE501D9-13A4-488D-80BD-74EFCD1A8770}.Release|x64.ActiveCfg = Release|Any CPU
		{2CE501D9-13A4-488D-80BD-74EFCD1A8770}.Release|x64.Build.0 = Release|Any CPU
		{2CE501D9-13A4-488D-80BD-74EFCD1A8770}.Release|x86.ActiveCfg = Release|Any CPU
		{2CE501D9-13A4-488D-80BD-74EFCD1A8770}.Release|x86.Build.0 = Release|Any CPU
		{71155CF7-6E70-4B2D-B2D0-88F96AF3C8EE}.Debug|Any CPU.ActiveCfg = Debug|Any CPU
		{71155CF7-6E70-4B2D-B2D0-88F96AF3C8EE}.Debug|Any CPU.Build.0 = Debug|Any CPU
		{71155CF7-6E70-4B2D-B2D0-88F96AF3C8EE}.Debug|Win32.ActiveCfg = Debug|Any CPU
		{71155CF7-6E70-4B2D-B2D0-88F96AF3C8EE}.Debug|Win32.Build.0 = Debug|Any CPU
		{71155CF7-6E70-4B2D-B2D0-88F96AF3C8EE}.Debug|x64.ActiveCfg = Debug|Any CPU
		{71155CF7-6E70-4B2D-B2D0-88F96AF3C8EE}.Debug|x64.Build.0 = Debug|Any CPU
		{71155CF7-6E70-4B2D-B2D0-88F96AF3C8EE}.Debug|x86.ActiveCfg = Debug|Any CPU
		{71155CF7-6E70-4B2D-B2D0-88F96AF3C8EE}.Debug|x86.Build.0 = Debug|Any CPU
		{71155CF7-6E70-4B2D-B2D0-88F96AF3C8EE}.Release|Any CPU.ActiveCfg = Release|Any CPU
		{71155CF7-6E70-4B2D-B2D0-88F96AF3C8EE}.Release|Any CPU.Build.0 = Release|Any CPU
		{71155CF7-6E70-4B2D-B2D0-88F96AF3C8EE}.Release|Win32.ActiveCfg = Release|Any CPU
		{71155CF7-6E70-4B2D-B2D0-88F96AF3C8EE}.Release|Win32.Build.0 = Release|Any CPU
		{71155CF7-6E70-4B2D-B2D0-88F96AF3C8EE}.Release|x64.ActiveCfg = Release|Any CPU
		{71155CF7-6E70-4B2D-B2D0-88F96AF3C8EE}.Release|x64.Build.0 = Release|Any CPU
		{71155CF7-6E70-4B2D-B2D0-88F96AF3C8EE}.Release|x86.ActiveCfg = Release|Any CPU
		{71155CF7-6E70-4B2D-B2D0-88F96AF3C8EE}.Release|x86.Build.0 = Release|Any CPU
		{2C8EAC78-54F6-41EC-ACBF-0D1D690307D2}.Debug|Any CPU.ActiveCfg = Debug|Any CPU
		{2C8EAC78-54F6-41EC-ACBF-0D1D690307D2}.Debug|Any CPU.Build.0 = Debug|Any CPU
		{2C8EAC78-54F6-41EC-ACBF-0D1D690307D2}.Debug|Win32.ActiveCfg = Debug|Any CPU
		{2C8EAC78-54F6-41EC-ACBF-0D1D690307D2}.Debug|Win32.Build.0 = Debug|Any CPU
		{2C8EAC78-54F6-41EC-ACBF-0D1D690307D2}.Debug|x64.ActiveCfg = Debug|Any CPU
		{2C8EAC78-54F6-41EC-ACBF-0D1D690307D2}.Debug|x64.Build.0 = Debug|Any CPU
		{2C8EAC78-54F6-41EC-ACBF-0D1D690307D2}.Debug|x86.ActiveCfg = Debug|Any CPU
		{2C8EAC78-54F6-41EC-ACBF-0D1D690307D2}.Debug|x86.Build.0 = Debug|Any CPU
		{2C8EAC78-54F6-41EC-ACBF-0D1D690307D2}.Release|Any CPU.ActiveCfg = Release|Any CPU
		{2C8EAC78-54F6-41EC-ACBF-0D1D690307D2}.Release|Any CPU.Build.0 = Release|Any CPU
		{2C8EAC78-54F6-41EC-ACBF-0D1D690307D2}.Release|Win32.ActiveCfg = Release|Any CPU
		{2C8EAC78-54F6-41EC-ACBF-0D1D690307D2}.Release|Win32.Build.0 = Release|Any CPU
		{2C8EAC78-54F6-41EC-ACBF-0D1D690307D2}.Release|x64.ActiveCfg = Release|Any CPU
		{2C8EAC78-54F6-41EC-ACBF-0D1D690307D2}.Release|x64.Build.0 = Release|Any CPU
		{2C8EAC78-54F6-41EC-ACBF-0D1D690307D2}.Release|x86.ActiveCfg = Release|Any CPU
		{2C8EAC78-54F6-41EC-ACBF-0D1D690307D2}.Release|x86.Build.0 = Release|Any CPU
		{5414F604-6B54-4673-B9E7-BE6BBCC508C0}.Debug|Any CPU.ActiveCfg = Debug|Any CPU
		{5414F604-6B54-4673-B9E7-BE6BBCC508C0}.Debug|Any CPU.Build.0 = Debug|Any CPU
		{5414F604-6B54-4673-B9E7-BE6BBCC508C0}.Debug|Win32.ActiveCfg = Debug|Any CPU
		{5414F604-6B54-4673-B9E7-BE6BBCC508C0}.Debug|Win32.Build.0 = Debug|Any CPU
		{5414F604-6B54-4673-B9E7-BE6BBCC508C0}.Debug|x64.ActiveCfg = Debug|Any CPU
		{5414F604-6B54-4673-B9E7-BE6BBCC508C0}.Debug|x64.Build.0 = Debug|Any CPU
		{5414F604-6B54-4673-B9E7-BE6BBCC508C0}.Debug|x86.ActiveCfg = Debug|Any CPU
		{5414F604-6B54-4673-B9E7-BE6BBCC508C0}.Debug|x86.Build.0 = Debug|Any CPU
		{5414F604-6B54-4673-B9E7-BE6BBCC508C0}.Release|Any CPU.ActiveCfg = Release|Any CPU
		{5414F604-6B54-4673-B9E7-BE6BBCC508C0}.Release|Any CPU.Build.0 = Release|Any CPU
		{5414F604-6B54-4673-B9E7-BE6BBCC508C0}.Release|Win32.ActiveCfg = Release|Any CPU
		{5414F604-6B54-4673-B9E7-BE6BBCC508C0}.Release|Win32.Build.0 = Release|Any CPU
		{5414F604-6B54-4673-B9E7-BE6BBCC508C0}.Release|x64.ActiveCfg = Release|Any CPU
		{5414F604-6B54-4673-B9E7-BE6BBCC508C0}.Release|x64.Build.0 = Release|Any CPU
		{5414F604-6B54-4673-B9E7-BE6BBCC508C0}.Release|x86.ActiveCfg = Release|Any CPU
		{5414F604-6B54-4673-B9E7-BE6BBCC508C0}.Release|x86.Build.0 = Release|Any CPU
		{04D5C1D3-C539-4596-9DD6-54D530BDDBCF}.Debug|Any CPU.ActiveCfg = Debug|Any CPU
		{04D5C1D3-C539-4596-9DD6-54D530BDDBCF}.Debug|Any CPU.Build.0 = Debug|Any CPU
		{04D5C1D3-C539-4596-9DD6-54D530BDDBCF}.Debug|Win32.ActiveCfg = Debug|Any CPU
		{04D5C1D3-C539-4596-9DD6-54D530BDDBCF}.Debug|Win32.Build.0 = Debug|Any CPU
		{04D5C1D3-C539-4596-9DD6-54D530BDDBCF}.Debug|x64.ActiveCfg = Debug|Any CPU
		{04D5C1D3-C539-4596-9DD6-54D530BDDBCF}.Debug|x64.Build.0 = Debug|Any CPU
		{04D5C1D3-C539-4596-9DD6-54D530BDDBCF}.Debug|x86.ActiveCfg = Debug|Any CPU
		{04D5C1D3-C539-4596-9DD6-54D530BDDBCF}.Debug|x86.Build.0 = Debug|Any CPU
		{04D5C1D3-C539-4596-9DD6-54D530BDDBCF}.Release|Any CPU.ActiveCfg = Release|Any CPU
		{04D5C1D3-C539-4596-9DD6-54D530BDDBCF}.Release|Any CPU.Build.0 = Release|Any CPU
		{04D5C1D3-C539-4596-9DD6-54D530BDDBCF}.Release|Win32.ActiveCfg = Release|Any CPU
		{04D5C1D3-C539-4596-9DD6-54D530BDDBCF}.Release|Win32.Build.0 = Release|Any CPU
		{04D5C1D3-C539-4596-9DD6-54D530BDDBCF}.Release|x64.ActiveCfg = Release|Any CPU
		{04D5C1D3-C539-4596-9DD6-54D530BDDBCF}.Release|x64.Build.0 = Release|Any CPU
		{04D5C1D3-C539-4596-9DD6-54D530BDDBCF}.Release|x86.ActiveCfg = Release|Any CPU
		{04D5C1D3-C539-4596-9DD6-54D530BDDBCF}.Release|x86.Build.0 = Release|Any CPU
		{E80DEF40-715C-419A-9F37-E2657A9D1093}.Debug|Any CPU.ActiveCfg = Debug|Any CPU
		{E80DEF40-715C-419A-9F37-E2657A9D1093}.Debug|Any CPU.Build.0 = Debug|Any CPU
		{E80DEF40-715C-419A-9F37-E2657A9D1093}.Debug|Win32.ActiveCfg = Debug|Any CPU
		{E80DEF40-715C-419A-9F37-E2657A9D1093}.Debug|Win32.Build.0 = Debug|Any CPU
		{E80DEF40-715C-419A-9F37-E2657A9D1093}.Debug|x64.ActiveCfg = Debug|Any CPU
		{E80DEF40-715C-419A-9F37-E2657A9D1093}.Debug|x64.Build.0 = Debug|Any CPU
		{E80DEF40-715C-419A-9F37-E2657A9D1093}.Debug|x86.ActiveCfg = Debug|Any CPU
		{E80DEF40-715C-419A-9F37-E2657A9D1093}.Debug|x86.Build.0 = Debug|Any CPU
		{E80DEF40-715C-419A-9F37-E2657A9D1093}.Release|Any CPU.ActiveCfg = Release|Any CPU
		{E80DEF40-715C-419A-9F37-E2657A9D1093}.Release|Any CPU.Build.0 = Release|Any CPU
		{E80DEF40-715C-419A-9F37-E2657A9D1093}.Release|Win32.ActiveCfg = Release|Any CPU
		{E80DEF40-715C-419A-9F37-E2657A9D1093}.Release|Win32.Build.0 = Release|Any CPU
		{E80DEF40-715C-419A-9F37-E2657A9D1093}.Release|x64.ActiveCfg = Release|Any CPU
		{E80DEF40-715C-419A-9F37-E2657A9D1093}.Release|x64.Build.0 = Release|Any CPU
		{E80DEF40-715C-419A-9F37-E2657A9D1093}.Release|x86.ActiveCfg = Release|Any CPU
		{E80DEF40-715C-419A-9F37-E2657A9D1093}.Release|x86.Build.0 = Release|Any CPU
		{8A888D35-F15A-4A08-AE25-B97BE608F082}.Debug|Any CPU.ActiveCfg = Debug|Any CPU
		{8A888D35-F15A-4A08-AE25-B97BE608F082}.Debug|Any CPU.Build.0 = Debug|Any CPU
		{8A888D35-F15A-4A08-AE25-B97BE608F082}.Debug|Win32.ActiveCfg = Debug|Any CPU
		{8A888D35-F15A-4A08-AE25-B97BE608F082}.Debug|Win32.Build.0 = Debug|Any CPU
		{8A888D35-F15A-4A08-AE25-B97BE608F082}.Debug|x64.ActiveCfg = Debug|Any CPU
		{8A888D35-F15A-4A08-AE25-B97BE608F082}.Debug|x64.Build.0 = Debug|Any CPU
		{8A888D35-F15A-4A08-AE25-B97BE608F082}.Debug|x86.ActiveCfg = Debug|Any CPU
		{8A888D35-F15A-4A08-AE25-B97BE608F082}.Debug|x86.Build.0 = Debug|Any CPU
		{8A888D35-F15A-4A08-AE25-B97BE608F082}.Release|Any CPU.ActiveCfg = Release|Any CPU
		{8A888D35-F15A-4A08-AE25-B97BE608F082}.Release|Any CPU.Build.0 = Release|Any CPU
		{8A888D35-F15A-4A08-AE25-B97BE608F082}.Release|Win32.ActiveCfg = Release|Any CPU
		{8A888D35-F15A-4A08-AE25-B97BE608F082}.Release|Win32.Build.0 = Release|Any CPU
		{8A888D35-F15A-4A08-AE25-B97BE608F082}.Release|x64.ActiveCfg = Release|Any CPU
		{8A888D35-F15A-4A08-AE25-B97BE608F082}.Release|x64.Build.0 = Release|Any CPU
		{8A888D35-F15A-4A08-AE25-B97BE608F082}.Release|x86.ActiveCfg = Release|Any CPU
		{8A888D35-F15A-4A08-AE25-B97BE608F082}.Release|x86.Build.0 = Release|Any CPU
		{8A98CB24-39F3-40BB-A5A1-3AE334BE9F67}.Debug|Any CPU.ActiveCfg = Debug|Any CPU
		{8A98CB24-39F3-40BB-A5A1-3AE334BE9F67}.Debug|Any CPU.Build.0 = Debug|Any CPU
		{8A98CB24-39F3-40BB-A5A1-3AE334BE9F67}.Debug|Win32.ActiveCfg = Debug|Any CPU
		{8A98CB24-39F3-40BB-A5A1-3AE334BE9F67}.Debug|Win32.Build.0 = Debug|Any CPU
		{8A98CB24-39F3-40BB-A5A1-3AE334BE9F67}.Debug|x64.ActiveCfg = Debug|Any CPU
		{8A98CB24-39F3-40BB-A5A1-3AE334BE9F67}.Debug|x64.Build.0 = Debug|Any CPU
		{8A98CB24-39F3-40BB-A5A1-3AE334BE9F67}.Debug|x86.ActiveCfg = Debug|Any CPU
		{8A98CB24-39F3-40BB-A5A1-3AE334BE9F67}.Debug|x86.Build.0 = Debug|Any CPU
		{8A98CB24-39F3-40BB-A5A1-3AE334BE9F67}.Release|Any CPU.ActiveCfg = Release|Any CPU
		{8A98CB24-39F3-40BB-A5A1-3AE334BE9F67}.Release|Any CPU.Build.0 = Release|Any CPU
		{8A98CB24-39F3-40BB-A5A1-3AE334BE9F67}.Release|Win32.ActiveCfg = Release|Any CPU
		{8A98CB24-39F3-40BB-A5A1-3AE334BE9F67}.Release|Win32.Build.0 = Release|Any CPU
		{8A98CB24-39F3-40BB-A5A1-3AE334BE9F67}.Release|x64.ActiveCfg = Release|Any CPU
		{8A98CB24-39F3-40BB-A5A1-3AE334BE9F67}.Release|x64.Build.0 = Release|Any CPU
		{8A98CB24-39F3-40BB-A5A1-3AE334BE9F67}.Release|x86.ActiveCfg = Release|Any CPU
		{8A98CB24-39F3-40BB-A5A1-3AE334BE9F67}.Release|x86.Build.0 = Release|Any CPU
		{377DF8FB-96AC-4BB7-A8FF-C94D1C56FA90}.Debug|Any CPU.ActiveCfg = Debug|Any CPU
		{377DF8FB-96AC-4BB7-A8FF-C94D1C56FA90}.Debug|Any CPU.Build.0 = Debug|Any CPU
		{377DF8FB-96AC-4BB7-A8FF-C94D1C56FA90}.Debug|Win32.ActiveCfg = Debug|Any CPU
		{377DF8FB-96AC-4BB7-A8FF-C94D1C56FA90}.Debug|Win32.Build.0 = Debug|Any CPU
		{377DF8FB-96AC-4BB7-A8FF-C94D1C56FA90}.Debug|x64.ActiveCfg = Debug|Any CPU
		{377DF8FB-96AC-4BB7-A8FF-C94D1C56FA90}.Debug|x64.Build.0 = Debug|Any CPU
		{377DF8FB-96AC-4BB7-A8FF-C94D1C56FA90}.Debug|x86.ActiveCfg = Debug|Any CPU
		{377DF8FB-96AC-4BB7-A8FF-C94D1C56FA90}.Debug|x86.Build.0 = Debug|Any CPU
		{377DF8FB-96AC-4BB7-A8FF-C94D1C56FA90}.Release|Any CPU.ActiveCfg = Release|Any CPU
		{377DF8FB-96AC-4BB7-A8FF-C94D1C56FA90}.Release|Any CPU.Build.0 = Release|Any CPU
		{377DF8FB-96AC-4BB7-A8FF-C94D1C56FA90}.Release|Win32.ActiveCfg = Release|Any CPU
		{377DF8FB-96AC-4BB7-A8FF-C94D1C56FA90}.Release|Win32.Build.0 = Release|Any CPU
		{377DF8FB-96AC-4BB7-A8FF-C94D1C56FA90}.Release|x64.ActiveCfg = Release|Any CPU
		{377DF8FB-96AC-4BB7-A8FF-C94D1C56FA90}.Release|x64.Build.0 = Release|Any CPU
		{377DF8FB-96AC-4BB7-A8FF-C94D1C56FA90}.Release|x86.ActiveCfg = Release|Any CPU
		{377DF8FB-96AC-4BB7-A8FF-C94D1C56FA90}.Release|x86.Build.0 = Release|Any CPU
		{2064C250-CF98-46A2-9EA0-A272B7CB2EA2}.Debug|Any CPU.ActiveCfg = Debug|Any CPU
		{2064C250-CF98-46A2-9EA0-A272B7CB2EA2}.Debug|Any CPU.Build.0 = Debug|Any CPU
		{2064C250-CF98-46A2-9EA0-A272B7CB2EA2}.Debug|Win32.ActiveCfg = Debug|Any CPU
		{2064C250-CF98-46A2-9EA0-A272B7CB2EA2}.Debug|Win32.Build.0 = Debug|Any CPU
		{2064C250-CF98-46A2-9EA0-A272B7CB2EA2}.Debug|x64.ActiveCfg = Debug|Any CPU
		{2064C250-CF98-46A2-9EA0-A272B7CB2EA2}.Debug|x64.Build.0 = Debug|Any CPU
		{2064C250-CF98-46A2-9EA0-A272B7CB2EA2}.Debug|x86.ActiveCfg = Debug|Any CPU
		{2064C250-CF98-46A2-9EA0-A272B7CB2EA2}.Debug|x86.Build.0 = Debug|Any CPU
		{2064C250-CF98-46A2-9EA0-A272B7CB2EA2}.Release|Any CPU.ActiveCfg = Release|Any CPU
		{2064C250-CF98-46A2-9EA0-A272B7CB2EA2}.Release|Any CPU.Build.0 = Release|Any CPU
		{2064C250-CF98-46A2-9EA0-A272B7CB2EA2}.Release|Win32.ActiveCfg = Release|Any CPU
		{2064C250-CF98-46A2-9EA0-A272B7CB2EA2}.Release|Win32.Build.0 = Release|Any CPU
		{2064C250-CF98-46A2-9EA0-A272B7CB2EA2}.Release|x64.ActiveCfg = Release|Any CPU
		{2064C250-CF98-46A2-9EA0-A272B7CB2EA2}.Release|x64.Build.0 = Release|Any CPU
		{2064C250-CF98-46A2-9EA0-A272B7CB2EA2}.Release|x86.ActiveCfg = Release|Any CPU
		{2064C250-CF98-46A2-9EA0-A272B7CB2EA2}.Release|x86.Build.0 = Release|Any CPU
		{FC423B4D-D1EC-4E45-975D-B8D00DD8C479}.Debug|Any CPU.ActiveCfg = Debug|Any CPU
		{FC423B4D-D1EC-4E45-975D-B8D00DD8C479}.Debug|Any CPU.Build.0 = Debug|Any CPU
		{FC423B4D-D1EC-4E45-975D-B8D00DD8C479}.Debug|Win32.ActiveCfg = Debug|Any CPU
		{FC423B4D-D1EC-4E45-975D-B8D00DD8C479}.Debug|Win32.Build.0 = Debug|Any CPU
		{FC423B4D-D1EC-4E45-975D-B8D00DD8C479}.Debug|x64.ActiveCfg = Debug|Any CPU
		{FC423B4D-D1EC-4E45-975D-B8D00DD8C479}.Debug|x64.Build.0 = Debug|Any CPU
		{FC423B4D-D1EC-4E45-975D-B8D00DD8C479}.Debug|x86.ActiveCfg = Debug|Any CPU
		{FC423B4D-D1EC-4E45-975D-B8D00DD8C479}.Debug|x86.Build.0 = Debug|Any CPU
		{FC423B4D-D1EC-4E45-975D-B8D00DD8C479}.Release|Any CPU.ActiveCfg = Release|Any CPU
		{FC423B4D-D1EC-4E45-975D-B8D00DD8C479}.Release|Any CPU.Build.0 = Release|Any CPU
		{FC423B4D-D1EC-4E45-975D-B8D00DD8C479}.Release|Win32.ActiveCfg = Release|Any CPU
		{FC423B4D-D1EC-4E45-975D-B8D00DD8C479}.Release|Win32.Build.0 = Release|Any CPU
		{FC423B4D-D1EC-4E45-975D-B8D00DD8C479}.Release|x64.ActiveCfg = Release|Any CPU
		{FC423B4D-D1EC-4E45-975D-B8D00DD8C479}.Release|x64.Build.0 = Release|Any CPU
		{FC423B4D-D1EC-4E45-975D-B8D00DD8C479}.Release|x86.ActiveCfg = Release|Any CPU
		{FC423B4D-D1EC-4E45-975D-B8D00DD8C479}.Release|x86.Build.0 = Release|Any CPU
		{DBC12B0D-5DCF-4EB8-A5A5-AC2AD3711040}.Debug|Any CPU.ActiveCfg = Debug|Any CPU
		{DBC12B0D-5DCF-4EB8-A5A5-AC2AD3711040}.Debug|Any CPU.Build.0 = Debug|Any CPU
		{DBC12B0D-5DCF-4EB8-A5A5-AC2AD3711040}.Debug|Win32.ActiveCfg = Debug|Any CPU
		{DBC12B0D-5DCF-4EB8-A5A5-AC2AD3711040}.Debug|Win32.Build.0 = Debug|Any CPU
		{DBC12B0D-5DCF-4EB8-A5A5-AC2AD3711040}.Debug|x64.ActiveCfg = Debug|Any CPU
		{DBC12B0D-5DCF-4EB8-A5A5-AC2AD3711040}.Debug|x64.Build.0 = Debug|Any CPU
		{DBC12B0D-5DCF-4EB8-A5A5-AC2AD3711040}.Debug|x86.ActiveCfg = Debug|Any CPU
		{DBC12B0D-5DCF-4EB8-A5A5-AC2AD3711040}.Debug|x86.Build.0 = Debug|Any CPU
		{DBC12B0D-5DCF-4EB8-A5A5-AC2AD3711040}.Release|Any CPU.ActiveCfg = Release|Any CPU
		{DBC12B0D-5DCF-4EB8-A5A5-AC2AD3711040}.Release|Any CPU.Build.0 = Release|Any CPU
		{DBC12B0D-5DCF-4EB8-A5A5-AC2AD3711040}.Release|Win32.ActiveCfg = Release|Any CPU
		{DBC12B0D-5DCF-4EB8-A5A5-AC2AD3711040}.Release|Win32.Build.0 = Release|Any CPU
		{DBC12B0D-5DCF-4EB8-A5A5-AC2AD3711040}.Release|x64.ActiveCfg = Release|Any CPU
		{DBC12B0D-5DCF-4EB8-A5A5-AC2AD3711040}.Release|x64.Build.0 = Release|Any CPU
		{DBC12B0D-5DCF-4EB8-A5A5-AC2AD3711040}.Release|x86.ActiveCfg = Release|Any CPU
		{DBC12B0D-5DCF-4EB8-A5A5-AC2AD3711040}.Release|x86.Build.0 = Release|Any CPU
	EndGlobalSection
	GlobalSection(SolutionProperties) = preSolution
		HideSolutionNode = FALSE
	EndGlobalSection
	GlobalSection(NestedProjects) = preSolution
		{AD0C823E-227F-4CE8-BAA7-892BBAE689BA} = {193701A7-A3F6-420D-9578-E35998E4BFCB}
		{E0EF9340-AEBE-4F5B-B3A9-58E08015C1D4} = {7C862D1A-62BA-4C72-9362-B3B471244978}
		{FE5C4163-12E1-4E37-85F0-4E382CD9CFBB} = {7C862D1A-62BA-4C72-9362-B3B471244978}
		{BBBCE434-7E12-4439-8241-3010BA8A69DF} = {22B166CA-112A-4C54-8E49-95710D9788CA}
		{2B2DF7C2-2FB4-4EE1-BDF0-E2D8600CC72B} = {A5629996-CF4E-44B6-92F3-E8AF58591AF6}
		{20D8E11E-2E26-49AC-91C9-6D9E506674CC} = {A5629996-CF4E-44B6-92F3-E8AF58591AF6}
		{48037C42-7329-4392-85E6-CF77052B845B} = {C5CE3C6F-DE91-4F2C-86F7-2C7EA3C1E14D}
		{5B74C0C1-5849-42F4-B11B-6C1A7A118A45} = {C5CE3C6F-DE91-4F2C-86F7-2C7EA3C1E14D}
		{39CF7165-E408-4AED-B180-43C0E060E501} = {AB503B40-B964-4F4A-86C6-BED40636268C}
		{1B143F35-9237-4702-9F99-BDB13701FEED} = {AB503B40-B964-4F4A-86C6-BED40636268C}
		{F685EBEB-43A3-412F-AED9-1B16479C5E85} = {126D2F71-3832-4C79-A1C8-74359D60CF4E}
		{3ADB8CC2-BD8E-4714-B4EE-2B34C9014A87} = {126D2F71-3832-4C79-A1C8-74359D60CF4E}
		{D3F98D82-48FC-48FC-9CF5-CFA349E496FC} = {1DBFB80F-F026-4B37-A3A4-65DD900C94A8}
		{14A30A41-BAD4-4590-9337-522D5C30FC74} = {03E24EFA-0FB3-46A0-9E56-FF60256BD69E}
		{2CE501D9-13A4-488D-80BD-74EFCD1A8770} = {03E24EFA-0FB3-46A0-9E56-FF60256BD69E}
		{71155CF7-6E70-4B2D-B2D0-88F96AF3C8EE} = {C75BD4E8-75C7-48AE-A118-461FD1407A56}
		{2C8EAC78-54F6-41EC-ACBF-0D1D690307D2} = {C75BD4E8-75C7-48AE-A118-461FD1407A56}
		{5414F604-6B54-4673-B9E7-BE6BBCC508C0} = {FEC78644-85B3-401E-B328-B6E84D173F80}
		{04D5C1D3-C539-4596-9DD6-54D530BDDBCF} = {102D2E6A-4DF9-4D43-84CE-B5F9856816B7}
		{E80DEF40-715C-419A-9F37-E2657A9D1093} = {629A6C3D-129F-4F96-B855-821231767E8D}
		{8A888D35-F15A-4A08-AE25-B97BE608F082} = {629A6C3D-129F-4F96-B855-821231767E8D}
		{8A98CB24-39F3-40BB-A5A1-3AE334BE9F67} = {88FC1817-67B6-4EE1-A84E-1175F6F28DDA}
		{377DF8FB-96AC-4BB7-A8FF-C94D1C56FA90} = {88FC1817-67B6-4EE1-A84E-1175F6F28DDA}
		{2064C250-CF98-46A2-9EA0-A272B7CB2EA2} = {AF637F5D-4196-4D8C-A2A0-EE2BEDD6F12F}
		{FC423B4D-D1EC-4E45-975D-B8D00DD8C479} = {AF637F5D-4196-4D8C-A2A0-EE2BEDD6F12F}
		{DBC12B0D-5DCF-4EB8-A5A5-AC2AD3711040} = {8EF0597C-0D15-481D-B6BB-A8C1AE576A4B}
	EndGlobalSection
	GlobalSection(ExtensibilityGlobals) = postSolution
		SolutionGuid = {36ACF107-4F74-41D0-BF27-E57624FC17A5}
	EndGlobalSection
EndGlobal
